
Microsoft Visual Studio Solution File, Format Version 12.00
# Visual Studio Version 16
VisualStudioVersion = 16.0.30320.27
MinimumVisualStudioVersion = 10.0.40219.1
Project("{2150E333-8FDC-42A3-9474-1A3956D46DE8}") = "Solution Items", "Solution Items", "{29F4C0CA-2EA4-433C-8112-9A1336392E52}"
	ProjectSection(SolutionItems) = preProject
		.codacy.yml = .codacy.yml
		common.props = common.props
		houseofcat.png = houseofcat.png
		LICENSE = LICENSE
		.github\workflows\master-build.yml = .github\workflows\master-build.yml
		.github\workflows\nuget-publish.yml = .github\workflows\nuget-publish.yml
		README.md = README.md
	EndProjectSection
EndProject
Project("{2150E333-8FDC-42A3-9474-1A3956D46DE8}") = "src", "src", "{4FCA30F5-D19B-4756-BC68-6BA7E668F786}"
EndProject
Project("{2150E333-8FDC-42A3-9474-1A3956D46DE8}") = "tests", "tests", "{CEB4DD54-5D56-43D9-93DB-EB233068DD38}"
EndProject
Project("{9A19103F-16F7-4668-BE54-9A1E7A4F7556}") = "HouseofCat.RabbitMQ.Tests", "tests\HouseofCat.RabbitMQ.Tests\HouseofCat.RabbitMQ.Tests.csproj", "{665761E3-5B61-423D-9351-6DCC2E7CA8C4}"
EndProject
Project("{9A19103F-16F7-4668-BE54-9A1E7A4F7556}") = "HouseofCat.Utilities", "src\HouseofCat.Utilities\HouseofCat.Utilities.csproj", "{2BF50B4E-7EE9-4C51-80AA-68405D76F21A}"
EndProject
Project("{9A19103F-16F7-4668-BE54-9A1E7A4F7556}") = "HouseofCat.Workflows", "src\HouseofCat.Workflows\HouseofCat.Workflows.csproj", "{E3D8F002-1DD4-4926-BD15-20B6115AA60C}"
EndProject
Project("{9A19103F-16F7-4668-BE54-9A1E7A4F7556}") = "HouseofCat.Encryption", "src\HouseofCat.Encryption\HouseofCat.Encryption.csproj", "{97C0674A-E7DC-4EF6-8E8C-1D06FE2FCAC2}"
EndProject
Project("{9A19103F-16F7-4668-BE54-9A1E7A4F7556}") = "HouseofCat.Compression", "src\HouseofCat.Compression\HouseofCat.Compression.csproj", "{276C2CF1-4013-4035-AFAB-8DF0481BE4E7}"
EndProject
Project("{9A19103F-16F7-4668-BE54-9A1E7A4F7556}") = "HouseofCat.Compression.Builtin", "src\HouseofCat.Compression.Builtin\HouseofCat.Compression.Builtin.csproj", "{295F85B6-3A43-47D5-8B6D-9148B796C661}"
EndProject
Project("{9A19103F-16F7-4668-BE54-9A1E7A4F7556}") = "HouseofCat.Compression.LZ4", "src\HouseofCat.Compression.LZ4\HouseofCat.Compression.LZ4.csproj", "{E7F4AFF1-3D8D-4250-B813-F7BD5D558451}"
EndProject
Project("{9A19103F-16F7-4668-BE54-9A1E7A4F7556}") = "HouseofCat.Logger", "src\HouseofCat.Logger\HouseofCat.Logger.csproj", "{0FEAE831-B148-4EA8-AD4F-1E85606C156F}"
EndProject
Project("{9A19103F-16F7-4668-BE54-9A1E7A4F7556}") = "HouseofCat.Algorithms", "src\HouseofCat.Algorithms\HouseofCat.Algorithms.csproj", "{6300805C-D8A6-4F9C-BAC7-67964B792CB4}"
EndProject
Project("{9A19103F-16F7-4668-BE54-9A1E7A4F7556}") = "HouseofCat.Dapper.SqlServer", "src\HouseofCat.Dapper.SqlServer\HouseofCat.Dapper.SqlServer.csproj", "{8F9C35D4-D79E-4E37-B18D-B8E56F68BD35}"
EndProject
Project("{9A19103F-16F7-4668-BE54-9A1E7A4F7556}") = "HouseofCat.Dapper.LegacySqlServer", "src\HouseofCat.Dapper.LegacySqlServer\HouseofCat.Dapper.LegacySqlServer.csproj", "{1614AA07-D30F-4847-B506-957DD0109E70}"
EndProject
Project("{9A19103F-16F7-4668-BE54-9A1E7A4F7556}") = "HouseofCat.Dapper", "src\HouseofCat.Dapper\HouseofCat.Dapper.csproj", "{BAB7F573-FD85-4C02-9FBB-A4390FF35D21}"
EndProject
Project("{9A19103F-16F7-4668-BE54-9A1E7A4F7556}") = "HouseofCat.Extensions.Host.Serilog", "src\HouseofCat.Extensions.Host.Serilog\HouseofCat.Extensions.Host.Serilog.csproj", "{F87490D3-D318-4425-8044-1FA2BD1B24A6}"
EndProject
Project("{9A19103F-16F7-4668-BE54-9A1E7A4F7556}") = "HouseofCat.Reflection", "src\HouseofCat.Reflection\HouseofCat.Reflection.csproj", "{FA0ED709-D706-46E1-801A-2D43F1093840}"
EndProject
Project("{9A19103F-16F7-4668-BE54-9A1E7A4F7556}") = "HouseofCat.Extensions", "src\HouseofCat.Extensions\HouseofCat.Extensions.csproj", "{36256F7A-4DCD-4460-8EB6-931A6B1B32E6}"
EndProject
Project("{9A19103F-16F7-4668-BE54-9A1E7A4F7556}") = "HouseofCat.RabbitMQ", "src\HouseofCat.RabbitMQ\HouseofCat.RabbitMQ.csproj", "{AF7AF28A-6704-4E62-9977-23E1FE1490D9}"
EndProject
Project("{9A19103F-16F7-4668-BE54-9A1E7A4F7556}") = "HouseofCat.RabbitMQ.Client", "src\HouseofCat.RabbitMQ.Client\HouseofCat.RabbitMQ.Client.csproj", "{00FC5E14-B824-4067-9F59-0B14C9CA09D0}"
EndProject
Project("{9A19103F-16F7-4668-BE54-9A1E7A4F7556}") = "HouseofCat.RabbitMQ.Pipelines", "src\HouseofCat.RabbitMQ.Pipelines\HouseofCat.RabbitMQ.Pipelines.csproj", "{4BC1734E-454F-46EB-9BB8-0F1EEBD72596}"
EndProject
Project("{9A19103F-16F7-4668-BE54-9A1E7A4F7556}") = "HouseofCat.RabbitMQ.Services", "src\HouseofCat.RabbitMQ.Services\HouseofCat.RabbitMQ.Services.csproj", "{369BB764-AEB8-43B9-BF3E-F5B7858DE473}"
EndProject
Project("{9A19103F-16F7-4668-BE54-9A1E7A4F7556}") = "HouseofCat.Workflows.Pipelines", "src\HouseofCat.Workflows.Pipelines\HouseofCat.Workflows.Pipelines.csproj", "{A4623BE8-FDB0-4BBB-AEDE-081109B80801}"
EndProject
Project("{9A19103F-16F7-4668-BE54-9A1E7A4F7556}") = "HouseofCat.Extensions.Workflows", "src\HouseofCat.Extensions.Workflows\HouseofCat.Extensions.Workflows.csproj", "{C2B57CB6-AF57-45D1-B28F-80040C97B9FA}"
EndProject
Global
	GlobalSection(SolutionConfigurationPlatforms) = preSolution
		Debug|Any CPU = Debug|Any CPU
		Release|Any CPU = Release|Any CPU
	EndGlobalSection
	GlobalSection(ProjectConfigurationPlatforms) = postSolution
		{665761E3-5B61-423D-9351-6DCC2E7CA8C4}.Debug|Any CPU.ActiveCfg = Debug|Any CPU
		{665761E3-5B61-423D-9351-6DCC2E7CA8C4}.Debug|Any CPU.Build.0 = Debug|Any CPU
		{665761E3-5B61-423D-9351-6DCC2E7CA8C4}.Release|Any CPU.ActiveCfg = Release|Any CPU
		{665761E3-5B61-423D-9351-6DCC2E7CA8C4}.Release|Any CPU.Build.0 = Release|Any CPU
		{2BF50B4E-7EE9-4C51-80AA-68405D76F21A}.Debug|Any CPU.ActiveCfg = Debug|Any CPU
		{2BF50B4E-7EE9-4C51-80AA-68405D76F21A}.Debug|Any CPU.Build.0 = Debug|Any CPU
		{2BF50B4E-7EE9-4C51-80AA-68405D76F21A}.Release|Any CPU.ActiveCfg = Release|Any CPU
		{2BF50B4E-7EE9-4C51-80AA-68405D76F21A}.Release|Any CPU.Build.0 = Release|Any CPU
		{E3D8F002-1DD4-4926-BD15-20B6115AA60C}.Debug|Any CPU.ActiveCfg = Debug|Any CPU
		{E3D8F002-1DD4-4926-BD15-20B6115AA60C}.Debug|Any CPU.Build.0 = Debug|Any CPU
		{E3D8F002-1DD4-4926-BD15-20B6115AA60C}.Release|Any CPU.ActiveCfg = Release|Any CPU
		{E3D8F002-1DD4-4926-BD15-20B6115AA60C}.Release|Any CPU.Build.0 = Release|Any CPU
		{97C0674A-E7DC-4EF6-8E8C-1D06FE2FCAC2}.Debug|Any CPU.ActiveCfg = Debug|Any CPU
		{97C0674A-E7DC-4EF6-8E8C-1D06FE2FCAC2}.Debug|Any CPU.Build.0 = Debug|Any CPU
		{97C0674A-E7DC-4EF6-8E8C-1D06FE2FCAC2}.Release|Any CPU.ActiveCfg = Release|Any CPU
		{97C0674A-E7DC-4EF6-8E8C-1D06FE2FCAC2}.Release|Any CPU.Build.0 = Release|Any CPU
		{276C2CF1-4013-4035-AFAB-8DF0481BE4E7}.Debug|Any CPU.ActiveCfg = Debug|Any CPU
		{276C2CF1-4013-4035-AFAB-8DF0481BE4E7}.Debug|Any CPU.Build.0 = Debug|Any CPU
		{276C2CF1-4013-4035-AFAB-8DF0481BE4E7}.Release|Any CPU.ActiveCfg = Release|Any CPU
		{276C2CF1-4013-4035-AFAB-8DF0481BE4E7}.Release|Any CPU.Build.0 = Release|Any CPU
		{295F85B6-3A43-47D5-8B6D-9148B796C661}.Debug|Any CPU.ActiveCfg = Debug|Any CPU
		{295F85B6-3A43-47D5-8B6D-9148B796C661}.Debug|Any CPU.Build.0 = Debug|Any CPU
		{295F85B6-3A43-47D5-8B6D-9148B796C661}.Release|Any CPU.ActiveCfg = Release|Any CPU
		{295F85B6-3A43-47D5-8B6D-9148B796C661}.Release|Any CPU.Build.0 = Release|Any CPU
		{E7F4AFF1-3D8D-4250-B813-F7BD5D558451}.Debug|Any CPU.ActiveCfg = Debug|Any CPU
		{E7F4AFF1-3D8D-4250-B813-F7BD5D558451}.Debug|Any CPU.Build.0 = Debug|Any CPU
		{E7F4AFF1-3D8D-4250-B813-F7BD5D558451}.Release|Any CPU.ActiveCfg = Release|Any CPU
		{E7F4AFF1-3D8D-4250-B813-F7BD5D558451}.Release|Any CPU.Build.0 = Release|Any CPU
		{0FEAE831-B148-4EA8-AD4F-1E85606C156F}.Debug|Any CPU.ActiveCfg = Debug|Any CPU
		{0FEAE831-B148-4EA8-AD4F-1E85606C156F}.Debug|Any CPU.Build.0 = Debug|Any CPU
		{0FEAE831-B148-4EA8-AD4F-1E85606C156F}.Release|Any CPU.ActiveCfg = Release|Any CPU
		{0FEAE831-B148-4EA8-AD4F-1E85606C156F}.Release|Any CPU.Build.0 = Release|Any CPU
		{6300805C-D8A6-4F9C-BAC7-67964B792CB4}.Debug|Any CPU.ActiveCfg = Debug|Any CPU
		{6300805C-D8A6-4F9C-BAC7-67964B792CB4}.Debug|Any CPU.Build.0 = Debug|Any CPU
		{6300805C-D8A6-4F9C-BAC7-67964B792CB4}.Release|Any CPU.ActiveCfg = Release|Any CPU
		{6300805C-D8A6-4F9C-BAC7-67964B792CB4}.Release|Any CPU.Build.0 = Release|Any CPU
		{8F9C35D4-D79E-4E37-B18D-B8E56F68BD35}.Debug|Any CPU.ActiveCfg = Debug|Any CPU
		{8F9C35D4-D79E-4E37-B18D-B8E56F68BD35}.Debug|Any CPU.Build.0 = Debug|Any CPU
		{8F9C35D4-D79E-4E37-B18D-B8E56F68BD35}.Release|Any CPU.ActiveCfg = Release|Any CPU
		{8F9C35D4-D79E-4E37-B18D-B8E56F68BD35}.Release|Any CPU.Build.0 = Release|Any CPU
		{1614AA07-D30F-4847-B506-957DD0109E70}.Debug|Any CPU.ActiveCfg = Debug|Any CPU
		{1614AA07-D30F-4847-B506-957DD0109E70}.Debug|Any CPU.Build.0 = Debug|Any CPU
		{1614AA07-D30F-4847-B506-957DD0109E70}.Release|Any CPU.ActiveCfg = Release|Any CPU
		{1614AA07-D30F-4847-B506-957DD0109E70}.Release|Any CPU.Build.0 = Release|Any CPU
		{BAB7F573-FD85-4C02-9FBB-A4390FF35D21}.Debug|Any CPU.ActiveCfg = Debug|Any CPU
		{BAB7F573-FD85-4C02-9FBB-A4390FF35D21}.Debug|Any CPU.Build.0 = Debug|Any CPU
		{BAB7F573-FD85-4C02-9FBB-A4390FF35D21}.Release|Any CPU.ActiveCfg = Release|Any CPU
		{BAB7F573-FD85-4C02-9FBB-A4390FF35D21}.Release|Any CPU.Build.0 = Release|Any CPU
		{F87490D3-D318-4425-8044-1FA2BD1B24A6}.Debug|Any CPU.ActiveCfg = Debug|Any CPU
		{F87490D3-D318-4425-8044-1FA2BD1B24A6}.Debug|Any CPU.Build.0 = Debug|Any CPU
		{F87490D3-D318-4425-8044-1FA2BD1B24A6}.Release|Any CPU.ActiveCfg = Release|Any CPU
		{F87490D3-D318-4425-8044-1FA2BD1B24A6}.Release|Any CPU.Build.0 = Release|Any CPU
		{FA0ED709-D706-46E1-801A-2D43F1093840}.Debug|Any CPU.ActiveCfg = Debug|Any CPU
		{FA0ED709-D706-46E1-801A-2D43F1093840}.Debug|Any CPU.Build.0 = Debug|Any CPU
		{FA0ED709-D706-46E1-801A-2D43F1093840}.Release|Any CPU.ActiveCfg = Release|Any CPU
		{FA0ED709-D706-46E1-801A-2D43F1093840}.Release|Any CPU.Build.0 = Release|Any CPU
		{36256F7A-4DCD-4460-8EB6-931A6B1B32E6}.Debug|Any CPU.ActiveCfg = Debug|Any CPU
		{36256F7A-4DCD-4460-8EB6-931A6B1B32E6}.Debug|Any CPU.Build.0 = Debug|Any CPU
		{36256F7A-4DCD-4460-8EB6-931A6B1B32E6}.Release|Any CPU.ActiveCfg = Release|Any CPU
		{36256F7A-4DCD-4460-8EB6-931A6B1B32E6}.Release|Any CPU.Build.0 = Release|Any CPU
		{AF7AF28A-6704-4E62-9977-23E1FE1490D9}.Debug|Any CPU.ActiveCfg = Debug|Any CPU
		{AF7AF28A-6704-4E62-9977-23E1FE1490D9}.Debug|Any CPU.Build.0 = Debug|Any CPU
		{AF7AF28A-6704-4E62-9977-23E1FE1490D9}.Release|Any CPU.ActiveCfg = Release|Any CPU
		{AF7AF28A-6704-4E62-9977-23E1FE1490D9}.Release|Any CPU.Build.0 = Release|Any CPU
		{00FC5E14-B824-4067-9F59-0B14C9CA09D0}.Debug|Any CPU.ActiveCfg = Debug|Any CPU
		{00FC5E14-B824-4067-9F59-0B14C9CA09D0}.Debug|Any CPU.Build.0 = Debug|Any CPU
		{00FC5E14-B824-4067-9F59-0B14C9CA09D0}.Release|Any CPU.ActiveCfg = Release|Any CPU
		{00FC5E14-B824-4067-9F59-0B14C9CA09D0}.Release|Any CPU.Build.0 = Release|Any CPU
		{4BC1734E-454F-46EB-9BB8-0F1EEBD72596}.Debug|Any CPU.ActiveCfg = Debug|Any CPU
		{4BC1734E-454F-46EB-9BB8-0F1EEBD72596}.Debug|Any CPU.Build.0 = Debug|Any CPU
		{4BC1734E-454F-46EB-9BB8-0F1EEBD72596}.Release|Any CPU.ActiveCfg = Release|Any CPU
		{4BC1734E-454F-46EB-9BB8-0F1EEBD72596}.Release|Any CPU.Build.0 = Release|Any CPU
		{369BB764-AEB8-43B9-BF3E-F5B7858DE473}.Debug|Any CPU.ActiveCfg = Debug|Any CPU
		{369BB764-AEB8-43B9-BF3E-F5B7858DE473}.Debug|Any CPU.Build.0 = Debug|Any CPU
		{369BB764-AEB8-43B9-BF3E-F5B7858DE473}.Release|Any CPU.ActiveCfg = Release|Any CPU
		{369BB764-AEB8-43B9-BF3E-F5B7858DE473}.Release|Any CPU.Build.0 = Release|Any CPU
		{A4623BE8-FDB0-4BBB-AEDE-081109B80801}.Debug|Any CPU.ActiveCfg = Debug|Any CPU
		{A4623BE8-FDB0-4BBB-AEDE-081109B80801}.Debug|Any CPU.Build.0 = Debug|Any CPU
		{A4623BE8-FDB0-4BBB-AEDE-081109B80801}.Release|Any CPU.ActiveCfg = Release|Any CPU
		{A4623BE8-FDB0-4BBB-AEDE-081109B80801}.Release|Any CPU.Build.0 = Release|Any CPU
		{C2B57CB6-AF57-45D1-B28F-80040C97B9FA}.Debug|Any CPU.ActiveCfg = Debug|Any CPU
		{C2B57CB6-AF57-45D1-B28F-80040C97B9FA}.Debug|Any CPU.Build.0 = Debug|Any CPU
		{C2B57CB6-AF57-45D1-B28F-80040C97B9FA}.Release|Any CPU.ActiveCfg = Release|Any CPU
		{C2B57CB6-AF57-45D1-B28F-80040C97B9FA}.Release|Any CPU.Build.0 = Release|Any CPU
	EndGlobalSection
	GlobalSection(SolutionProperties) = preSolution
		HideSolutionNode = FALSE
	EndGlobalSection
	GlobalSection(NestedProjects) = preSolution
		{665761E3-5B61-423D-9351-6DCC2E7CA8C4} = {CEB4DD54-5D56-43D9-93DB-EB233068DD38}
		{2BF50B4E-7EE9-4C51-80AA-68405D76F21A} = {4FCA30F5-D19B-4756-BC68-6BA7E668F786}
		{E3D8F002-1DD4-4926-BD15-20B6115AA60C} = {4FCA30F5-D19B-4756-BC68-6BA7E668F786}
		{97C0674A-E7DC-4EF6-8E8C-1D06FE2FCAC2} = {4FCA30F5-D19B-4756-BC68-6BA7E668F786}
		{276C2CF1-4013-4035-AFAB-8DF0481BE4E7} = {4FCA30F5-D19B-4756-BC68-6BA7E668F786}
		{295F85B6-3A43-47D5-8B6D-9148B796C661} = {4FCA30F5-D19B-4756-BC68-6BA7E668F786}
		{E7F4AFF1-3D8D-4250-B813-F7BD5D558451} = {4FCA30F5-D19B-4756-BC68-6BA7E668F786}
		{0FEAE831-B148-4EA8-AD4F-1E85606C156F} = {4FCA30F5-D19B-4756-BC68-6BA7E668F786}
		{6300805C-D8A6-4F9C-BAC7-67964B792CB4} = {4FCA30F5-D19B-4756-BC68-6BA7E668F786}
		{8F9C35D4-D79E-4E37-B18D-B8E56F68BD35} = {4FCA30F5-D19B-4756-BC68-6BA7E668F786}
		{1614AA07-D30F-4847-B506-957DD0109E70} = {4FCA30F5-D19B-4756-BC68-6BA7E668F786}
		{BAB7F573-FD85-4C02-9FBB-A4390FF35D21} = {4FCA30F5-D19B-4756-BC68-6BA7E668F786}
		{F87490D3-D318-4425-8044-1FA2BD1B24A6} = {4FCA30F5-D19B-4756-BC68-6BA7E668F786}
		{FA0ED709-D706-46E1-801A-2D43F1093840} = {4FCA30F5-D19B-4756-BC68-6BA7E668F786}
		{36256F7A-4DCD-4460-8EB6-931A6B1B32E6} = {4FCA30F5-D19B-4756-BC68-6BA7E668F786}
		{AF7AF28A-6704-4E62-9977-23E1FE1490D9} = {4FCA30F5-D19B-4756-BC68-6BA7E668F786}
		{00FC5E14-B824-4067-9F59-0B14C9CA09D0} = {4FCA30F5-D19B-4756-BC68-6BA7E668F786}
		{4BC1734E-454F-46EB-9BB8-0F1EEBD72596} = {4FCA30F5-D19B-4756-BC68-6BA7E668F786}
		{369BB764-AEB8-43B9-BF3E-F5B7858DE473} = {4FCA30F5-D19B-4756-BC68-6BA7E668F786}
		{A4623BE8-FDB0-4BBB-AEDE-081109B80801} = {4FCA30F5-D19B-4756-BC68-6BA7E668F786}
		{C2B57CB6-AF57-45D1-B28F-80040C97B9FA} = {4FCA30F5-D19B-4756-BC68-6BA7E668F786}
	EndGlobalSection
	GlobalSection(ExtensibilityGlobals) = postSolution
		SolutionGuid = {D7099845-267C-4232-8764-5DF25D6B2C79}
	EndGlobalSection
EndGlobal
