
Microsoft Visual Studio Solution File, Format Version 12.00
# Visual Studio Version 17
VisualStudioVersion = 17.0.31912.275
MinimumVisualStudioVersion = 10.0.40219.1
Project("{2150E333-8FDC-42A3-9474-1A3956D46DE8}") = "Solution Items", "Solution Items", "{29F4C0CA-2EA4-433C-8112-9A1336392E52}"
	ProjectSection(SolutionItems) = preProject
		.codacy.yml = .codacy.yml
		.editorconfig = .editorconfig
		common.props = common.props
		houseofcat.png = houseofcat.png
		LICENSE = LICENSE
		README.md = README.md
		version.props = version.props
	EndProjectSection
EndProject
Project("{2150E333-8FDC-42A3-9474-1A3956D46DE8}") = "src", "src", "{4FCA30F5-D19B-4756-BC68-6BA7E668F786}"
EndProject
Project("{9A19103F-16F7-4668-BE54-9A1E7A4F7556}") = "HouseofCat.Utilities", "src\HouseofCat.Utilities\HouseofCat.Utilities.csproj", "{2BF50B4E-7EE9-4C51-80AA-68405D76F21A}"
EndProject
Project("{9A19103F-16F7-4668-BE54-9A1E7A4F7556}") = "HouseofCat.Dataflows", "src\HouseofCat.Dataflows\HouseofCat.Dataflows.csproj", "{E3D8F002-1DD4-4926-BD15-20B6115AA60C}"
EndProject
Project("{9A19103F-16F7-4668-BE54-9A1E7A4F7556}") = "HouseofCat.Encryption", "src\HouseofCat.Encryption\HouseofCat.Encryption.csproj", "{97C0674A-E7DC-4EF6-8E8C-1D06FE2FCAC2}"
EndProject
Project("{9A19103F-16F7-4668-BE54-9A1E7A4F7556}") = "HouseofCat.Compression", "src\HouseofCat.Compression\HouseofCat.Compression.csproj", "{276C2CF1-4013-4035-AFAB-8DF0481BE4E7}"
EndProject
Project("{9A19103F-16F7-4668-BE54-9A1E7A4F7556}") = "HouseofCat.RabbitMQ", "src\HouseofCat.RabbitMQ\HouseofCat.RabbitMQ.csproj", "{AF7AF28A-6704-4E62-9977-23E1FE1490D9}"
EndProject
Project("{9A19103F-16F7-4668-BE54-9A1E7A4F7556}") = "HouseofCat.Serialization", "src\HouseofCat.Serialization\HouseofCat.Serialization.csproj", "{6AE8BE48-BA11-4120-B8F8-3D42CF56DD46}"
EndProject
Project("{9A19103F-16F7-4668-BE54-9A1E7A4F7556}") = "HouseofCat.Hashing", "src\HouseofCat.Hashing\HouseofCat.Hashing.csproj", "{75C192B0-BCEC-4BAF-97F7-0F08209557FE}"
EndProject
Project("{9A19103F-16F7-4668-BE54-9A1E7A4F7556}") = "HouseofCat.Data", "src\HouseofCat.Data\HouseofCat.Data.csproj", "{2B4A8274-83BB-49FD-9E7C-AE1EB5C56B3A}"
EndProject
Project("{2150E333-8FDC-42A3-9474-1A3956D46DE8}") = "guides", "guides", "{1AB5E832-AD36-40AF-A7E9-A105A778116C}"
EndProject
Project("{2150E333-8FDC-42A3-9474-1A3956D46DE8}") = "csharp", "csharp", "{018DB970-F843-4D69-AAE1-C3CDF5FC7093}"
	ProjectSection(SolutionItems) = preProject
		guides\csharp\Compression.md = guides\csharp\Compression.md
		guides\csharp\CompressionNumeroTres.md = guides\csharp\CompressionNumeroTres.md
		guides\csharp\CompressionPartDeux.md = guides\csharp\CompressionPartDeux.md
		guides\csharp\ParallelForEachAsync.md = guides\csharp\ParallelForEachAsync.md
		guides\csharp\TasksBranchExecution.md = guides\csharp\TasksBranchExecution.md
		guides\csharp\TopLevel.md = guides\csharp\TopLevel.md
	EndProjectSection
EndProject
Project("{2150E333-8FDC-42A3-9474-1A3956D46DE8}") = "golang", "golang", "{824F178C-4D64-4944-8C18-1B460F83F5C3}"
	ProjectSection(SolutionItems) = preProject
		guides\golang\GoDependencyPatch.md = guides\golang\GoDependencyPatch.md
	EndProjectSection
EndProject
Project("{2150E333-8FDC-42A3-9474-1A3956D46DE8}") = ".github", ".github", "{C073DF79-5344-4980-AA69-4E3CAF9369D9}"
EndProject
Project("{2150E333-8FDC-42A3-9474-1A3956D46DE8}") = "workflows", "workflows", "{1604298C-6A9B-44F8-9C4F-7CBBDF99B5FF}"
	ProjectSection(SolutionItems) = preProject
		.github\workflows\build.yml = .github\workflows\build.yml
		.github\workflows\publish.yml = .github\workflows\publish.yml
	EndProjectSection
EndProject
Project("{2150E333-8FDC-42A3-9474-1A3956D46DE8}") = "ml", "ml", "{0BF90E18-A067-45AC-91D0-E27328A6FC39}"
EndProject
Project("{2150E333-8FDC-42A3-9474-1A3956D46DE8}") = "stablediffusion", "stablediffusion", "{D61A9911-AC32-4D96-ABC0-E02763115885}"
	ProjectSection(SolutionItems) = preProject
		guides\ml\stablediffusion\inpainting.md = guides\ml\stablediffusion\inpainting.md
		guides\ml\stablediffusion\setuplocal.md = guides\ml\stablediffusion\setuplocal.md
		guides\ml\stablediffusion\txtprompt.md = guides\ml\stablediffusion\txtprompt.md
		guides\ml\stablediffusion\xformers.md = guides\ml\stablediffusion\xformers.md
	EndProjectSection
EndProject
Project("{2150E333-8FDC-42A3-9474-1A3956D46DE8}") = "tests", "tests", "{D01D59E9-75CC-4C74-A887-22B0A55C994B}"
EndProject
Project("{9A19103F-16F7-4668-BE54-9A1E7A4F7556}") = "RabbitMQ.Console.Tests", "tests\RabbitMQ.Console.Tests\RabbitMQ.Console.Tests.csproj", "{0930ACF5-372E-49AF-B53F-A06C3A5FA997}"
EndProject
Project("{9A19103F-16F7-4668-BE54-9A1E7A4F7556}") = "UnitTests", "tests\UnitTests\UnitTests.csproj", "{528C015E-58FC-44B4-BAC5-05BCFCD506C9}"
EndProject
Project("{2150E333-8FDC-42A3-9474-1A3956D46DE8}") = "rabbitmq", "rabbitmq", "{5C94F432-8229-4FFA-8DBF-AC1DEDE66265}"
	ProjectSection(SolutionItems) = preProject
		guides\rabbitmq\AutoPublisher.md = guides\rabbitmq\AutoPublisher.md
		guides\rabbitmq\BasicConsume.md = guides\rabbitmq\BasicConsume.md
		guides\rabbitmq\BasicGet.md = guides\rabbitmq\BasicGet.md
		guides\rabbitmq\BasicPublish.md = guides\rabbitmq\BasicPublish.md
		guides\rabbitmq\ChannelPools.md = guides\rabbitmq\ChannelPools.md
		guides\rabbitmq\ConnectionPools.md = guides\rabbitmq\ConnectionPools.md
		guides\rabbitmq\Serialization.md = guides\rabbitmq\Serialization.md
	EndProjectSection
EndProject
Project("{9A19103F-16F7-4668-BE54-9A1E7A4F7556}") = "OpenTelemetry.Console.Tests", "tests\OpenTelemetry.Console.Tests\OpenTelemetry.Console.Tests.csproj", "{077E07C3-9A35-42A0-8228-E9778F02DFCE}"
EndProject
Project("{9A19103F-16F7-4668-BE54-9A1E7A4F7556}") = "RabbitMQ.ConsumerDataflowService", "tests\RabbitMQ.ConsumerDataflows.Tests\RabbitMQ.ConsumerDataflowService.csproj", "{F6C0B657-E70B-4DE9-96AE-E7612C89AF5F}"
EndProject
Global
	GlobalSection(SolutionConfigurationPlatforms) = preSolution
		Debug|Any CPU = Debug|Any CPU
		Release|Any CPU = Release|Any CPU
	EndGlobalSection
	GlobalSection(ProjectConfigurationPlatforms) = postSolution
		{2BF50B4E-7EE9-4C51-80AA-68405D76F21A}.Debug|Any CPU.ActiveCfg = Debug|Any CPU
		{2BF50B4E-7EE9-4C51-80AA-68405D76F21A}.Debug|Any CPU.Build.0 = Debug|Any CPU
		{2BF50B4E-7EE9-4C51-80AA-68405D76F21A}.Release|Any CPU.ActiveCfg = Release|Any CPU
		{2BF50B4E-7EE9-4C51-80AA-68405D76F21A}.Release|Any CPU.Build.0 = Release|Any CPU
		{E3D8F002-1DD4-4926-BD15-20B6115AA60C}.Debug|Any CPU.ActiveCfg = Debug|Any CPU
		{E3D8F002-1DD4-4926-BD15-20B6115AA60C}.Debug|Any CPU.Build.0 = Debug|Any CPU
		{E3D8F002-1DD4-4926-BD15-20B6115AA60C}.Release|Any CPU.ActiveCfg = Release|Any CPU
		{E3D8F002-1DD4-4926-BD15-20B6115AA60C}.Release|Any CPU.Build.0 = Release|Any CPU
		{97C0674A-E7DC-4EF6-8E8C-1D06FE2FCAC2}.Debug|Any CPU.ActiveCfg = Debug|Any CPU
		{97C0674A-E7DC-4EF6-8E8C-1D06FE2FCAC2}.Debug|Any CPU.Build.0 = Debug|Any CPU
		{97C0674A-E7DC-4EF6-8E8C-1D06FE2FCAC2}.Release|Any CPU.ActiveCfg = Release|Any CPU
		{97C0674A-E7DC-4EF6-8E8C-1D06FE2FCAC2}.Release|Any CPU.Build.0 = Release|Any CPU
		{276C2CF1-4013-4035-AFAB-8DF0481BE4E7}.Debug|Any CPU.ActiveCfg = Debug|Any CPU
		{276C2CF1-4013-4035-AFAB-8DF0481BE4E7}.Debug|Any CPU.Build.0 = Debug|Any CPU
		{276C2CF1-4013-4035-AFAB-8DF0481BE4E7}.Release|Any CPU.ActiveCfg = Release|Any CPU
		{276C2CF1-4013-4035-AFAB-8DF0481BE4E7}.Release|Any CPU.Build.0 = Release|Any CPU
		{AF7AF28A-6704-4E62-9977-23E1FE1490D9}.Debug|Any CPU.ActiveCfg = Debug|Any CPU
		{AF7AF28A-6704-4E62-9977-23E1FE1490D9}.Debug|Any CPU.Build.0 = Debug|Any CPU
		{AF7AF28A-6704-4E62-9977-23E1FE1490D9}.Release|Any CPU.ActiveCfg = Release|Any CPU
		{AF7AF28A-6704-4E62-9977-23E1FE1490D9}.Release|Any CPU.Build.0 = Release|Any CPU
		{6AE8BE48-BA11-4120-B8F8-3D42CF56DD46}.Debug|Any CPU.ActiveCfg = Debug|Any CPU
		{6AE8BE48-BA11-4120-B8F8-3D42CF56DD46}.Debug|Any CPU.Build.0 = Debug|Any CPU
		{6AE8BE48-BA11-4120-B8F8-3D42CF56DD46}.Release|Any CPU.ActiveCfg = Release|Any CPU
		{6AE8BE48-BA11-4120-B8F8-3D42CF56DD46}.Release|Any CPU.Build.0 = Release|Any CPU
		{75C192B0-BCEC-4BAF-97F7-0F08209557FE}.Debug|Any CPU.ActiveCfg = Debug|Any CPU
		{75C192B0-BCEC-4BAF-97F7-0F08209557FE}.Debug|Any CPU.Build.0 = Debug|Any CPU
		{75C192B0-BCEC-4BAF-97F7-0F08209557FE}.Release|Any CPU.ActiveCfg = Release|Any CPU
		{75C192B0-BCEC-4BAF-97F7-0F08209557FE}.Release|Any CPU.Build.0 = Release|Any CPU
		{2B4A8274-83BB-49FD-9E7C-AE1EB5C56B3A}.Debug|Any CPU.ActiveCfg = Debug|Any CPU
		{2B4A8274-83BB-49FD-9E7C-AE1EB5C56B3A}.Debug|Any CPU.Build.0 = Debug|Any CPU
		{2B4A8274-83BB-49FD-9E7C-AE1EB5C56B3A}.Release|Any CPU.ActiveCfg = Release|Any CPU
		{2B4A8274-83BB-49FD-9E7C-AE1EB5C56B3A}.Release|Any CPU.Build.0 = Release|Any CPU
		{0930ACF5-372E-49AF-B53F-A06C3A5FA997}.Debug|Any CPU.ActiveCfg = Debug|Any CPU
		{0930ACF5-372E-49AF-B53F-A06C3A5FA997}.Debug|Any CPU.Build.0 = Debug|Any CPU
		{0930ACF5-372E-49AF-B53F-A06C3A5FA997}.Release|Any CPU.ActiveCfg = Release|Any CPU
		{0930ACF5-372E-49AF-B53F-A06C3A5FA997}.Release|Any CPU.Build.0 = Release|Any CPU
		{528C015E-58FC-44B4-BAC5-05BCFCD506C9}.Debug|Any CPU.ActiveCfg = Debug|Any CPU
		{528C015E-58FC-44B4-BAC5-05BCFCD506C9}.Debug|Any CPU.Build.0 = Debug|Any CPU
		{528C015E-58FC-44B4-BAC5-05BCFCD506C9}.Release|Any CPU.ActiveCfg = Release|Any CPU
		{528C015E-58FC-44B4-BAC5-05BCFCD506C9}.Release|Any CPU.Build.0 = Release|Any CPU
		{077E07C3-9A35-42A0-8228-E9778F02DFCE}.Debug|Any CPU.ActiveCfg = Debug|Any CPU
		{077E07C3-9A35-42A0-8228-E9778F02DFCE}.Debug|Any CPU.Build.0 = Debug|Any CPU
		{077E07C3-9A35-42A0-8228-E9778F02DFCE}.Release|Any CPU.ActiveCfg = Release|Any CPU
		{077E07C3-9A35-42A0-8228-E9778F02DFCE}.Release|Any CPU.Build.0 = Release|Any CPU
		{F6C0B657-E70B-4DE9-96AE-E7612C89AF5F}.Debug|Any CPU.ActiveCfg = Debug|Any CPU
		{F6C0B657-E70B-4DE9-96AE-E7612C89AF5F}.Debug|Any CPU.Build.0 = Debug|Any CPU
		{F6C0B657-E70B-4DE9-96AE-E7612C89AF5F}.Release|Any CPU.ActiveCfg = Release|Any CPU
		{F6C0B657-E70B-4DE9-96AE-E7612C89AF5F}.Release|Any CPU.Build.0 = Release|Any CPU
	EndGlobalSection
	GlobalSection(SolutionProperties) = preSolution
		HideSolutionNode = FALSE
	EndGlobalSection
	GlobalSection(NestedProjects) = preSolution
		{2BF50B4E-7EE9-4C51-80AA-68405D76F21A} = {4FCA30F5-D19B-4756-BC68-6BA7E668F786}
		{E3D8F002-1DD4-4926-BD15-20B6115AA60C} = {4FCA30F5-D19B-4756-BC68-6BA7E668F786}
		{97C0674A-E7DC-4EF6-8E8C-1D06FE2FCAC2} = {4FCA30F5-D19B-4756-BC68-6BA7E668F786}
		{276C2CF1-4013-4035-AFAB-8DF0481BE4E7} = {4FCA30F5-D19B-4756-BC68-6BA7E668F786}
		{AF7AF28A-6704-4E62-9977-23E1FE1490D9} = {4FCA30F5-D19B-4756-BC68-6BA7E668F786}
		{6AE8BE48-BA11-4120-B8F8-3D42CF56DD46} = {4FCA30F5-D19B-4756-BC68-6BA7E668F786}
		{75C192B0-BCEC-4BAF-97F7-0F08209557FE} = {4FCA30F5-D19B-4756-BC68-6BA7E668F786}
		{2B4A8274-83BB-49FD-9E7C-AE1EB5C56B3A} = {4FCA30F5-D19B-4756-BC68-6BA7E668F786}
		{1AB5E832-AD36-40AF-A7E9-A105A778116C} = {29F4C0CA-2EA4-433C-8112-9A1336392E52}
		{018DB970-F843-4D69-AAE1-C3CDF5FC7093} = {1AB5E832-AD36-40AF-A7E9-A105A778116C}
		{824F178C-4D64-4944-8C18-1B460F83F5C3} = {1AB5E832-AD36-40AF-A7E9-A105A778116C}
		{C073DF79-5344-4980-AA69-4E3CAF9369D9} = {29F4C0CA-2EA4-433C-8112-9A1336392E52}
		{1604298C-6A9B-44F8-9C4F-7CBBDF99B5FF} = {C073DF79-5344-4980-AA69-4E3CAF9369D9}
		{0BF90E18-A067-45AC-91D0-E27328A6FC39} = {1AB5E832-AD36-40AF-A7E9-A105A778116C}
		{D61A9911-AC32-4D96-ABC0-E02763115885} = {0BF90E18-A067-45AC-91D0-E27328A6FC39}
		{0930ACF5-372E-49AF-B53F-A06C3A5FA997} = {D01D59E9-75CC-4C74-A887-22B0A55C994B}
		{528C015E-58FC-44B4-BAC5-05BCFCD506C9} = {D01D59E9-75CC-4C74-A887-22B0A55C994B}
		{5C94F432-8229-4FFA-8DBF-AC1DEDE66265} = {1AB5E832-AD36-40AF-A7E9-A105A778116C}
		{077E07C3-9A35-42A0-8228-E9778F02DFCE} = {D01D59E9-75CC-4C74-A887-22B0A55C994B}
		{F6C0B657-E70B-4DE9-96AE-E7612C89AF5F} = {D01D59E9-75CC-4C74-A887-22B0A55C994B}
	EndGlobalSection
	GlobalSection(ExtensibilityGlobals) = postSolution
		SolutionGuid = {D7099845-267C-4232-8764-5DF25D6B2C79}
	EndGlobalSection
EndGlobal
