
Microsoft Visual Studio Solution File, Format Version 12.00
# Visual Studio Version 16
VisualStudioVersion = 16.0.30320.27
MinimumVisualStudioVersion = 10.0.40219.1
Project("{2150E333-8FDC-42A3-9474-1A3956D46DE8}") = "Solution Items", "Solution Items", "{29F4C0CA-2EA4-433C-8112-9A1336392E52}"
	ProjectSection(SolutionItems) = preProject
		.codacy.yml = .codacy.yml
		common.props = common.props
		houseofcat.png = houseofcat.png
		LICENSE = LICENSE
		.github\workflows\master-build.yml = .github\workflows\master-build.yml
		.github\workflows\nuget-publish.yml = .github\workflows\nuget-publish.yml
		README.md = README.md
	EndProjectSection
EndProject
Project("{2150E333-8FDC-42A3-9474-1A3956D46DE8}") = "src", "src", "{4FCA30F5-D19B-4756-BC68-6BA7E668F786}"
EndProject
Project("{9A19103F-16F7-4668-BE54-9A1E7A4F7556}") = "HouseofCat.Utilities", "src\HouseofCat.Utilities\HouseofCat.Utilities.csproj", "{2BF50B4E-7EE9-4C51-80AA-68405D76F21A}"
EndProject
Project("{9A19103F-16F7-4668-BE54-9A1E7A4F7556}") = "HouseofCat.Workflows", "src\HouseofCat.Workflows\HouseofCat.Workflows.csproj", "{E3D8F002-1DD4-4926-BD15-20B6115AA60C}"
EndProject
Project("{9A19103F-16F7-4668-BE54-9A1E7A4F7556}") = "HouseofCat.Encryption", "src\HouseofCat.Encryption\HouseofCat.Encryption.csproj", "{97C0674A-E7DC-4EF6-8E8C-1D06FE2FCAC2}"
EndProject
Project("{9A19103F-16F7-4668-BE54-9A1E7A4F7556}") = "HouseofCat.Compression", "src\HouseofCat.Compression\HouseofCat.Compression.csproj", "{276C2CF1-4013-4035-AFAB-8DF0481BE4E7}"
EndProject
Project("{9A19103F-16F7-4668-BE54-9A1E7A4F7556}") = "HouseofCat.Compression.LZ4", "src\HouseofCat.Compression.LZ4\HouseofCat.Compression.LZ4.csproj", "{E7F4AFF1-3D8D-4250-B813-F7BD5D558451}"
EndProject
Project("{9A19103F-16F7-4668-BE54-9A1E7A4F7556}") = "HouseofCat.Logger", "src\HouseofCat.Logger\HouseofCat.Logger.csproj", "{0FEAE831-B148-4EA8-AD4F-1E85606C156F}"
EndProject
Project("{9A19103F-16F7-4668-BE54-9A1E7A4F7556}") = "HouseofCat.Algorithms", "src\HouseofCat.Algorithms\HouseofCat.Algorithms.csproj", "{6300805C-D8A6-4F9C-BAC7-67964B792CB4}"
EndProject
Project("{9A19103F-16F7-4668-BE54-9A1E7A4F7556}") = "HouseofCat.Dapper.SqlServer", "src\HouseofCat.Dapper.SqlServer\HouseofCat.Dapper.SqlServer.csproj", "{8F9C35D4-D79E-4E37-B18D-B8E56F68BD35}"
EndProject
Project("{9A19103F-16F7-4668-BE54-9A1E7A4F7556}") = "HouseofCat.Dapper.LegacySqlServer", "src\HouseofCat.Dapper.LegacySqlServer\HouseofCat.Dapper.LegacySqlServer.csproj", "{1614AA07-D30F-4847-B506-957DD0109E70}"
EndProject
Project("{9A19103F-16F7-4668-BE54-9A1E7A4F7556}") = "HouseofCat.Dapper", "src\HouseofCat.Dapper\HouseofCat.Dapper.csproj", "{BAB7F573-FD85-4C02-9FBB-A4390FF35D21}"
EndProject
Project("{9A19103F-16F7-4668-BE54-9A1E7A4F7556}") = "HouseofCat.Extensions.Host.Serilog", "src\HouseofCat.Extensions.Host.Serilog\HouseofCat.Extensions.Host.Serilog.csproj", "{F87490D3-D318-4425-8044-1FA2BD1B24A6}"
EndProject
Project("{9A19103F-16F7-4668-BE54-9A1E7A4F7556}") = "HouseofCat.Reflection", "src\HouseofCat.Reflection\HouseofCat.Reflection.csproj", "{FA0ED709-D706-46E1-801A-2D43F1093840}"
EndProject
Project("{9A19103F-16F7-4668-BE54-9A1E7A4F7556}") = "HouseofCat.Extensions", "src\HouseofCat.Extensions\HouseofCat.Extensions.csproj", "{36256F7A-4DCD-4460-8EB6-931A6B1B32E6}"
EndProject
Project("{9A19103F-16F7-4668-BE54-9A1E7A4F7556}") = "HouseofCat.RabbitMQ", "src\HouseofCat.RabbitMQ\HouseofCat.RabbitMQ.csproj", "{AF7AF28A-6704-4E62-9977-23E1FE1490D9}"
EndProject
Project("{9A19103F-16F7-4668-BE54-9A1E7A4F7556}") = "HouseofCat.RabbitMQ.Client", "src\HouseofCat.RabbitMQ.Client\HouseofCat.RabbitMQ.Client.csproj", "{00FC5E14-B824-4067-9F59-0B14C9CA09D0}"
EndProject
Project("{9A19103F-16F7-4668-BE54-9A1E7A4F7556}") = "HouseofCat.RabbitMQ.Pipelines", "src\HouseofCat.RabbitMQ.Pipelines\HouseofCat.RabbitMQ.Pipelines.csproj", "{4BC1734E-454F-46EB-9BB8-0F1EEBD72596}"
EndProject
Project("{9A19103F-16F7-4668-BE54-9A1E7A4F7556}") = "HouseofCat.RabbitMQ.Services", "src\HouseofCat.RabbitMQ.Services\HouseofCat.RabbitMQ.Services.csproj", "{369BB764-AEB8-43B9-BF3E-F5B7858DE473}"
EndProject
Project("{9A19103F-16F7-4668-BE54-9A1E7A4F7556}") = "HouseofCat.Workflows.Pipelines", "src\HouseofCat.Workflows.Pipelines\HouseofCat.Workflows.Pipelines.csproj", "{A4623BE8-FDB0-4BBB-AEDE-081109B80801}"
EndProject
Project("{9A19103F-16F7-4668-BE54-9A1E7A4F7556}") = "HouseofCat.Extensions.Workflows", "src\HouseofCat.Extensions.Workflows\HouseofCat.Extensions.Workflows.csproj", "{C2B57CB6-AF57-45D1-B28F-80040C97B9FA}"
EndProject
Project("{9A19103F-16F7-4668-BE54-9A1E7A4F7556}") = "HouseofCat.Windows.NativeMethods", "src\HouseofCat.Windows.NativeMethods\HouseofCat.Windows.NativeMethods.csproj", "{C19DE584-8959-4357-AD3F-512530591E51}"
EndProject
Project("{9A19103F-16F7-4668-BE54-9A1E7A4F7556}") = "HouseofCat.Windows.Keyboard", "src\HouseofCat.Windows.Keyboard\HouseofCat.Windows.Keyboard.csproj", "{CDA9A3CE-E084-4F04-8788-354297554387}"
EndProject
Project("{9A19103F-16F7-4668-BE54-9A1E7A4F7556}") = "HouseofCat.Network", "src\HouseofCat.Network\HouseofCat.Network.csproj", "{596C27AC-E6A0-4732-970D-6B4581C17D6B}"
EndProject
Project("{9A19103F-16F7-4668-BE54-9A1E7A4F7556}") = "HouseofCat.Sockets", "src\HouseofCat.Sockets\HouseofCat.Sockets.csproj", "{C08B1221-EBB9-4BBB-8418-99CA29D681BF}"
EndProject
Project("{9A19103F-16F7-4668-BE54-9A1E7A4F7556}") = "HouseofCat.Framing", "src\HouseofCat.Framing\HouseofCat.Framing.csproj", "{B968A580-E4B8-4E70-AD5E-EE3E5D9D85E6}"
EndProject
Project("{9A19103F-16F7-4668-BE54-9A1E7A4F7556}") = "HouseofCat.Sockets.Utf8Json", "src\HouseofCat.Sockets.Utf8Json\HouseofCat.Sockets.Utf8Json.csproj", "{49CD892A-F26C-4860-AE92-757E6D377E23}"
EndProject
Project("{9A19103F-16F7-4668-BE54-9A1E7A4F7556}") = "HouseofCat.RabbitMQ.Services.Twilio", "src\HouseofCat.RabbitMQ.Services.Twilio\HouseofCat.RabbitMQ.Services.Twilio.csproj", "{15A77BCC-0AC5-4EB2-8F59-CB2F5F8E278E}"
EndProject
Project("{9A19103F-16F7-4668-BE54-9A1E7A4F7556}") = "HouseofCat.Windows.Threading", "src\HouseofCat.Windows.Threading\HouseofCat.Windows.Threading.csproj", "{4568AB66-4322-43BA-98AD-79E1305A02B3}"
EndProject
Project("{9A19103F-16F7-4668-BE54-9A1E7A4F7556}") = "HouseofCat.Gremlins", "src\HouseofCat.Gremlins\HouseofCat.Gremlins.csproj", "{B3CFCE48-70DD-45C2-8FEF-9CC51F981120}"
EndProject
Project("{9A19103F-16F7-4668-BE54-9A1E7A4F7556}") = "HouseofCat.Gremlins.SqlServer", "src\HouseofCat.Gremlins.SqlServer\HouseofCat.Gremlins.SqlServer.csproj", "{CD47CAAB-4AE0-4520-8FCA-00E46DD63E8B}"
EndProject
Project("{9A19103F-16F7-4668-BE54-9A1E7A4F7556}") = "HouseofCat.Windows.WMI", "src\HouseofCat.Windows.WMI\HouseofCat.Windows.WMI.csproj", "{A02B429D-59FF-4499-9DF7-8280CB1303BA}"
EndProject
Project("{9A19103F-16F7-4668-BE54-9A1E7A4F7556}") = "HouseofCat.RabbitMQ.Workflows", "src\HouseofCat.RabbitMQ.Workflows\HouseofCat.RabbitMQ.Workflows.csproj", "{75A7CD53-F942-40ED-95A2-1F9CC7C5F6E3}"
EndProject
Project("{9A19103F-16F7-4668-BE54-9A1E7A4F7556}") = "HouseofCat.Serialization", "src\HouseofCat.Serialization\HouseofCat.Serialization.csproj", "{6AE8BE48-BA11-4120-B8F8-3D42CF56DD46}"
EndProject
Project("{9A19103F-16F7-4668-BE54-9A1E7A4F7556}") = "HouseofCat.Serialization.Json.Newtonsoft", "src\HouseofCat.Serialization.Json.Newtonsoft\HouseofCat.Serialization.Json.Newtonsoft.csproj", "{6E8051E6-0497-4948-8E13-FF901538AC9F}"
EndProject
Project("{9A19103F-16F7-4668-BE54-9A1E7A4F7556}") = "HouseofCat.Serialization.Json.Utf8Json", "src\HouseofCat.Serialization.Json.Utf8Json\HouseofCat.Serialization.Json.Utf8Json.csproj", "{8ECF3DF9-C2C8-4DC4-9937-B722BA26B2C6}"
EndProject
Project("{9A19103F-16F7-4668-BE54-9A1E7A4F7556}") = "HouseofCat.Serialization.MessagePack", "src\HouseofCat.Serialization.MessagePack\HouseofCat.Serialization.MessagePack.csproj", "{AC7B7184-729E-4FFD-B698-0D6C941CFABD}"
EndProject
Project("{9A19103F-16F7-4668-BE54-9A1E7A4F7556}") = "HouseofCat.Encryption.BouncyCastle", "src\HouseofCat.Encryption.BouncyCastle\HouseofCat.Encryption.BouncyCastle.csproj", "{CD31E498-F562-4E0C-8AAC-02D731879438}"
EndProject
Project("{9A19103F-16F7-4668-BE54-9A1E7A4F7556}") = "HouseofCat.Hashing.Argon", "src\HouseofCat.Hashing.Argon\HouseofCat.Hashing.Argon.csproj", "{A48EE157-FC64-4866-8EBB-A31C141891CB}"
EndProject
Project("{9A19103F-16F7-4668-BE54-9A1E7A4F7556}") = "HouseofCat.Hashing", "src\HouseofCat.Hashing\HouseofCat.Hashing.csproj", "{75C192B0-BCEC-4BAF-97F7-0F08209557FE}"
EndProject
Project("{9A19103F-16F7-4668-BE54-9A1E7A4F7556}") = "HouseofCat.RabbitMQ.Services.Mailkit", "src\HouseofCat.RabbitMQ.Services.Mailkit\HouseofCat.RabbitMQ.Services.Mailkit.csproj", "{419F0005-0615-4594-B9F1-4ED84525CE7B}"
EndProject
Project("{9A19103F-16F7-4668-BE54-9A1E7A4F7556}") = "HouseofCat.Metrics", "src\HouseofCat.Metrics\HouseofCat.Metrics.csproj", "{B475ECF4-6CAD-4FB7-80CF-0B8326BAD718}"
EndProject
Project("{9A19103F-16F7-4668-BE54-9A1E7A4F7556}") = "HouseofCat.Metrics.AppMetrics", "src\HouseofCat.Metrics.AppMetrics\HouseofCat.Metrics.AppMetrics.csproj", "{E82ED567-56FE-47DD-8FF2-CBF09E89E39D}"
EndProject
Project("{9A19103F-16F7-4668-BE54-9A1E7A4F7556}") = "HouseofCat.Metrics.Prometheus", "src\HouseofCat.Metrics.Prometheus\HouseofCat.Metrics.Prometheus.csproj", "{5F99F33C-D827-414F-980E-0976B09CD8B1}"
EndProject
Project("{9A19103F-16F7-4668-BE54-9A1E7A4F7556}") = "HouseofCat.RabbitMQ.WorkState", "src\HouseofCat.RabbitMQ.WorkState\HouseofCat.RabbitMQ.WorkState.csproj", "{06D5BD29-C599-4E4A-B534-E9B860D13E77}"
EndProject
Global
	GlobalSection(SolutionConfigurationPlatforms) = preSolution
		Debug|Any CPU = Debug|Any CPU
		Release|Any CPU = Release|Any CPU
	EndGlobalSection
	GlobalSection(ProjectConfigurationPlatforms) = postSolution
		{2BF50B4E-7EE9-4C51-80AA-68405D76F21A}.Debug|Any CPU.ActiveCfg = Debug|Any CPU
		{2BF50B4E-7EE9-4C51-80AA-68405D76F21A}.Debug|Any CPU.Build.0 = Debug|Any CPU
		{2BF50B4E-7EE9-4C51-80AA-68405D76F21A}.Release|Any CPU.ActiveCfg = Release|Any CPU
		{2BF50B4E-7EE9-4C51-80AA-68405D76F21A}.Release|Any CPU.Build.0 = Release|Any CPU
		{E3D8F002-1DD4-4926-BD15-20B6115AA60C}.Debug|Any CPU.ActiveCfg = Debug|Any CPU
		{E3D8F002-1DD4-4926-BD15-20B6115AA60C}.Debug|Any CPU.Build.0 = Debug|Any CPU
		{E3D8F002-1DD4-4926-BD15-20B6115AA60C}.Release|Any CPU.ActiveCfg = Release|Any CPU
		{E3D8F002-1DD4-4926-BD15-20B6115AA60C}.Release|Any CPU.Build.0 = Release|Any CPU
		{97C0674A-E7DC-4EF6-8E8C-1D06FE2FCAC2}.Debug|Any CPU.ActiveCfg = Debug|Any CPU
		{97C0674A-E7DC-4EF6-8E8C-1D06FE2FCAC2}.Debug|Any CPU.Build.0 = Debug|Any CPU
		{97C0674A-E7DC-4EF6-8E8C-1D06FE2FCAC2}.Release|Any CPU.ActiveCfg = Release|Any CPU
		{97C0674A-E7DC-4EF6-8E8C-1D06FE2FCAC2}.Release|Any CPU.Build.0 = Release|Any CPU
		{276C2CF1-4013-4035-AFAB-8DF0481BE4E7}.Debug|Any CPU.ActiveCfg = Debug|Any CPU
		{276C2CF1-4013-4035-AFAB-8DF0481BE4E7}.Debug|Any CPU.Build.0 = Debug|Any CPU
		{276C2CF1-4013-4035-AFAB-8DF0481BE4E7}.Release|Any CPU.ActiveCfg = Release|Any CPU
		{276C2CF1-4013-4035-AFAB-8DF0481BE4E7}.Release|Any CPU.Build.0 = Release|Any CPU
		{E7F4AFF1-3D8D-4250-B813-F7BD5D558451}.Debug|Any CPU.ActiveCfg = Debug|Any CPU
		{E7F4AFF1-3D8D-4250-B813-F7BD5D558451}.Debug|Any CPU.Build.0 = Debug|Any CPU
		{E7F4AFF1-3D8D-4250-B813-F7BD5D558451}.Release|Any CPU.ActiveCfg = Release|Any CPU
		{E7F4AFF1-3D8D-4250-B813-F7BD5D558451}.Release|Any CPU.Build.0 = Release|Any CPU
		{0FEAE831-B148-4EA8-AD4F-1E85606C156F}.Debug|Any CPU.ActiveCfg = Debug|Any CPU
		{0FEAE831-B148-4EA8-AD4F-1E85606C156F}.Debug|Any CPU.Build.0 = Debug|Any CPU
		{0FEAE831-B148-4EA8-AD4F-1E85606C156F}.Release|Any CPU.ActiveCfg = Release|Any CPU
		{0FEAE831-B148-4EA8-AD4F-1E85606C156F}.Release|Any CPU.Build.0 = Release|Any CPU
		{6300805C-D8A6-4F9C-BAC7-67964B792CB4}.Debug|Any CPU.ActiveCfg = Debug|Any CPU
		{6300805C-D8A6-4F9C-BAC7-67964B792CB4}.Debug|Any CPU.Build.0 = Debug|Any CPU
		{6300805C-D8A6-4F9C-BAC7-67964B792CB4}.Release|Any CPU.ActiveCfg = Release|Any CPU
		{6300805C-D8A6-4F9C-BAC7-67964B792CB4}.Release|Any CPU.Build.0 = Release|Any CPU
		{8F9C35D4-D79E-4E37-B18D-B8E56F68BD35}.Debug|Any CPU.ActiveCfg = Debug|Any CPU
		{8F9C35D4-D79E-4E37-B18D-B8E56F68BD35}.Debug|Any CPU.Build.0 = Debug|Any CPU
		{8F9C35D4-D79E-4E37-B18D-B8E56F68BD35}.Release|Any CPU.ActiveCfg = Release|Any CPU
		{8F9C35D4-D79E-4E37-B18D-B8E56F68BD35}.Release|Any CPU.Build.0 = Release|Any CPU
		{1614AA07-D30F-4847-B506-957DD0109E70}.Debug|Any CPU.ActiveCfg = Debug|Any CPU
		{1614AA07-D30F-4847-B506-957DD0109E70}.Debug|Any CPU.Build.0 = Debug|Any CPU
		{1614AA07-D30F-4847-B506-957DD0109E70}.Release|Any CPU.ActiveCfg = Release|Any CPU
		{1614AA07-D30F-4847-B506-957DD0109E70}.Release|Any CPU.Build.0 = Release|Any CPU
		{BAB7F573-FD85-4C02-9FBB-A4390FF35D21}.Debug|Any CPU.ActiveCfg = Debug|Any CPU
		{BAB7F573-FD85-4C02-9FBB-A4390FF35D21}.Debug|Any CPU.Build.0 = Debug|Any CPU
		{BAB7F573-FD85-4C02-9FBB-A4390FF35D21}.Release|Any CPU.ActiveCfg = Release|Any CPU
		{BAB7F573-FD85-4C02-9FBB-A4390FF35D21}.Release|Any CPU.Build.0 = Release|Any CPU
		{F87490D3-D318-4425-8044-1FA2BD1B24A6}.Debug|Any CPU.ActiveCfg = Debug|Any CPU
		{F87490D3-D318-4425-8044-1FA2BD1B24A6}.Debug|Any CPU.Build.0 = Debug|Any CPU
		{F87490D3-D318-4425-8044-1FA2BD1B24A6}.Release|Any CPU.ActiveCfg = Release|Any CPU
		{F87490D3-D318-4425-8044-1FA2BD1B24A6}.Release|Any CPU.Build.0 = Release|Any CPU
		{FA0ED709-D706-46E1-801A-2D43F1093840}.Debug|Any CPU.ActiveCfg = Debug|Any CPU
		{FA0ED709-D706-46E1-801A-2D43F1093840}.Debug|Any CPU.Build.0 = Debug|Any CPU
		{FA0ED709-D706-46E1-801A-2D43F1093840}.Release|Any CPU.ActiveCfg = Release|Any CPU
		{FA0ED709-D706-46E1-801A-2D43F1093840}.Release|Any CPU.Build.0 = Release|Any CPU
		{36256F7A-4DCD-4460-8EB6-931A6B1B32E6}.Debug|Any CPU.ActiveCfg = Debug|Any CPU
		{36256F7A-4DCD-4460-8EB6-931A6B1B32E6}.Debug|Any CPU.Build.0 = Debug|Any CPU
		{36256F7A-4DCD-4460-8EB6-931A6B1B32E6}.Release|Any CPU.ActiveCfg = Release|Any CPU
		{36256F7A-4DCD-4460-8EB6-931A6B1B32E6}.Release|Any CPU.Build.0 = Release|Any CPU
		{AF7AF28A-6704-4E62-9977-23E1FE1490D9}.Debug|Any CPU.ActiveCfg = Debug|Any CPU
		{AF7AF28A-6704-4E62-9977-23E1FE1490D9}.Debug|Any CPU.Build.0 = Debug|Any CPU
		{AF7AF28A-6704-4E62-9977-23E1FE1490D9}.Release|Any CPU.ActiveCfg = Release|Any CPU
		{AF7AF28A-6704-4E62-9977-23E1FE1490D9}.Release|Any CPU.Build.0 = Release|Any CPU
		{00FC5E14-B824-4067-9F59-0B14C9CA09D0}.Debug|Any CPU.ActiveCfg = Debug|Any CPU
		{00FC5E14-B824-4067-9F59-0B14C9CA09D0}.Debug|Any CPU.Build.0 = Debug|Any CPU
		{00FC5E14-B824-4067-9F59-0B14C9CA09D0}.Release|Any CPU.ActiveCfg = Release|Any CPU
		{00FC5E14-B824-4067-9F59-0B14C9CA09D0}.Release|Any CPU.Build.0 = Release|Any CPU
		{4BC1734E-454F-46EB-9BB8-0F1EEBD72596}.Debug|Any CPU.ActiveCfg = Debug|Any CPU
		{4BC1734E-454F-46EB-9BB8-0F1EEBD72596}.Debug|Any CPU.Build.0 = Debug|Any CPU
		{4BC1734E-454F-46EB-9BB8-0F1EEBD72596}.Release|Any CPU.ActiveCfg = Release|Any CPU
		{4BC1734E-454F-46EB-9BB8-0F1EEBD72596}.Release|Any CPU.Build.0 = Release|Any CPU
		{369BB764-AEB8-43B9-BF3E-F5B7858DE473}.Debug|Any CPU.ActiveCfg = Debug|Any CPU
		{369BB764-AEB8-43B9-BF3E-F5B7858DE473}.Debug|Any CPU.Build.0 = Debug|Any CPU
		{369BB764-AEB8-43B9-BF3E-F5B7858DE473}.Release|Any CPU.ActiveCfg = Release|Any CPU
		{369BB764-AEB8-43B9-BF3E-F5B7858DE473}.Release|Any CPU.Build.0 = Release|Any CPU
		{A4623BE8-FDB0-4BBB-AEDE-081109B80801}.Debug|Any CPU.ActiveCfg = Debug|Any CPU
		{A4623BE8-FDB0-4BBB-AEDE-081109B80801}.Debug|Any CPU.Build.0 = Debug|Any CPU
		{A4623BE8-FDB0-4BBB-AEDE-081109B80801}.Release|Any CPU.ActiveCfg = Release|Any CPU
		{A4623BE8-FDB0-4BBB-AEDE-081109B80801}.Release|Any CPU.Build.0 = Release|Any CPU
		{C2B57CB6-AF57-45D1-B28F-80040C97B9FA}.Debug|Any CPU.ActiveCfg = Debug|Any CPU
		{C2B57CB6-AF57-45D1-B28F-80040C97B9FA}.Debug|Any CPU.Build.0 = Debug|Any CPU
		{C2B57CB6-AF57-45D1-B28F-80040C97B9FA}.Release|Any CPU.ActiveCfg = Release|Any CPU
		{C2B57CB6-AF57-45D1-B28F-80040C97B9FA}.Release|Any CPU.Build.0 = Release|Any CPU
		{C19DE584-8959-4357-AD3F-512530591E51}.Debug|Any CPU.ActiveCfg = Debug|Any CPU
		{C19DE584-8959-4357-AD3F-512530591E51}.Debug|Any CPU.Build.0 = Debug|Any CPU
		{C19DE584-8959-4357-AD3F-512530591E51}.Release|Any CPU.ActiveCfg = Release|Any CPU
		{C19DE584-8959-4357-AD3F-512530591E51}.Release|Any CPU.Build.0 = Release|Any CPU
		{CDA9A3CE-E084-4F04-8788-354297554387}.Debug|Any CPU.ActiveCfg = Debug|Any CPU
		{CDA9A3CE-E084-4F04-8788-354297554387}.Debug|Any CPU.Build.0 = Debug|Any CPU
		{CDA9A3CE-E084-4F04-8788-354297554387}.Release|Any CPU.ActiveCfg = Release|Any CPU
		{CDA9A3CE-E084-4F04-8788-354297554387}.Release|Any CPU.Build.0 = Release|Any CPU
		{596C27AC-E6A0-4732-970D-6B4581C17D6B}.Debug|Any CPU.ActiveCfg = Debug|Any CPU
		{596C27AC-E6A0-4732-970D-6B4581C17D6B}.Debug|Any CPU.Build.0 = Debug|Any CPU
		{596C27AC-E6A0-4732-970D-6B4581C17D6B}.Release|Any CPU.ActiveCfg = Release|Any CPU
		{596C27AC-E6A0-4732-970D-6B4581C17D6B}.Release|Any CPU.Build.0 = Release|Any CPU
		{C08B1221-EBB9-4BBB-8418-99CA29D681BF}.Debug|Any CPU.ActiveCfg = Debug|Any CPU
		{C08B1221-EBB9-4BBB-8418-99CA29D681BF}.Debug|Any CPU.Build.0 = Debug|Any CPU
		{C08B1221-EBB9-4BBB-8418-99CA29D681BF}.Release|Any CPU.ActiveCfg = Release|Any CPU
		{C08B1221-EBB9-4BBB-8418-99CA29D681BF}.Release|Any CPU.Build.0 = Release|Any CPU
		{B968A580-E4B8-4E70-AD5E-EE3E5D9D85E6}.Debug|Any CPU.ActiveCfg = Debug|Any CPU
		{B968A580-E4B8-4E70-AD5E-EE3E5D9D85E6}.Debug|Any CPU.Build.0 = Debug|Any CPU
		{B968A580-E4B8-4E70-AD5E-EE3E5D9D85E6}.Release|Any CPU.ActiveCfg = Release|Any CPU
		{B968A580-E4B8-4E70-AD5E-EE3E5D9D85E6}.Release|Any CPU.Build.0 = Release|Any CPU
		{49CD892A-F26C-4860-AE92-757E6D377E23}.Debug|Any CPU.ActiveCfg = Debug|Any CPU
		{49CD892A-F26C-4860-AE92-757E6D377E23}.Debug|Any CPU.Build.0 = Debug|Any CPU
		{49CD892A-F26C-4860-AE92-757E6D377E23}.Release|Any CPU.ActiveCfg = Release|Any CPU
		{49CD892A-F26C-4860-AE92-757E6D377E23}.Release|Any CPU.Build.0 = Release|Any CPU
		{15A77BCC-0AC5-4EB2-8F59-CB2F5F8E278E}.Debug|Any CPU.ActiveCfg = Debug|Any CPU
		{15A77BCC-0AC5-4EB2-8F59-CB2F5F8E278E}.Debug|Any CPU.Build.0 = Debug|Any CPU
		{15A77BCC-0AC5-4EB2-8F59-CB2F5F8E278E}.Release|Any CPU.ActiveCfg = Release|Any CPU
		{15A77BCC-0AC5-4EB2-8F59-CB2F5F8E278E}.Release|Any CPU.Build.0 = Release|Any CPU
		{4568AB66-4322-43BA-98AD-79E1305A02B3}.Debug|Any CPU.ActiveCfg = Debug|Any CPU
		{4568AB66-4322-43BA-98AD-79E1305A02B3}.Debug|Any CPU.Build.0 = Debug|Any CPU
		{4568AB66-4322-43BA-98AD-79E1305A02B3}.Release|Any CPU.ActiveCfg = Release|Any CPU
		{4568AB66-4322-43BA-98AD-79E1305A02B3}.Release|Any CPU.Build.0 = Release|Any CPU
		{B3CFCE48-70DD-45C2-8FEF-9CC51F981120}.Debug|Any CPU.ActiveCfg = Debug|Any CPU
		{B3CFCE48-70DD-45C2-8FEF-9CC51F981120}.Debug|Any CPU.Build.0 = Debug|Any CPU
		{B3CFCE48-70DD-45C2-8FEF-9CC51F981120}.Release|Any CPU.ActiveCfg = Release|Any CPU
		{B3CFCE48-70DD-45C2-8FEF-9CC51F981120}.Release|Any CPU.Build.0 = Release|Any CPU
		{CD47CAAB-4AE0-4520-8FCA-00E46DD63E8B}.Debug|Any CPU.ActiveCfg = Debug|Any CPU
		{CD47CAAB-4AE0-4520-8FCA-00E46DD63E8B}.Debug|Any CPU.Build.0 = Debug|Any CPU
		{CD47CAAB-4AE0-4520-8FCA-00E46DD63E8B}.Release|Any CPU.ActiveCfg = Release|Any CPU
		{CD47CAAB-4AE0-4520-8FCA-00E46DD63E8B}.Release|Any CPU.Build.0 = Release|Any CPU
		{A02B429D-59FF-4499-9DF7-8280CB1303BA}.Debug|Any CPU.ActiveCfg = Debug|Any CPU
		{A02B429D-59FF-4499-9DF7-8280CB1303BA}.Debug|Any CPU.Build.0 = Debug|Any CPU
		{A02B429D-59FF-4499-9DF7-8280CB1303BA}.Release|Any CPU.ActiveCfg = Release|Any CPU
		{A02B429D-59FF-4499-9DF7-8280CB1303BA}.Release|Any CPU.Build.0 = Release|Any CPU
		{75A7CD53-F942-40ED-95A2-1F9CC7C5F6E3}.Debug|Any CPU.ActiveCfg = Debug|Any CPU
		{75A7CD53-F942-40ED-95A2-1F9CC7C5F6E3}.Debug|Any CPU.Build.0 = Debug|Any CPU
		{75A7CD53-F942-40ED-95A2-1F9CC7C5F6E3}.Release|Any CPU.ActiveCfg = Release|Any CPU
		{75A7CD53-F942-40ED-95A2-1F9CC7C5F6E3}.Release|Any CPU.Build.0 = Release|Any CPU
		{6AE8BE48-BA11-4120-B8F8-3D42CF56DD46}.Debug|Any CPU.ActiveCfg = Debug|Any CPU
		{6AE8BE48-BA11-4120-B8F8-3D42CF56DD46}.Debug|Any CPU.Build.0 = Debug|Any CPU
		{6AE8BE48-BA11-4120-B8F8-3D42CF56DD46}.Release|Any CPU.ActiveCfg = Release|Any CPU
		{6AE8BE48-BA11-4120-B8F8-3D42CF56DD46}.Release|Any CPU.Build.0 = Release|Any CPU
		{6E8051E6-0497-4948-8E13-FF901538AC9F}.Debug|Any CPU.ActiveCfg = Debug|Any CPU
		{6E8051E6-0497-4948-8E13-FF901538AC9F}.Debug|Any CPU.Build.0 = Debug|Any CPU
		{6E8051E6-0497-4948-8E13-FF901538AC9F}.Release|Any CPU.ActiveCfg = Release|Any CPU
		{6E8051E6-0497-4948-8E13-FF901538AC9F}.Release|Any CPU.Build.0 = Release|Any CPU
		{8ECF3DF9-C2C8-4DC4-9937-B722BA26B2C6}.Debug|Any CPU.ActiveCfg = Debug|Any CPU
		{8ECF3DF9-C2C8-4DC4-9937-B722BA26B2C6}.Debug|Any CPU.Build.0 = Debug|Any CPU
		{8ECF3DF9-C2C8-4DC4-9937-B722BA26B2C6}.Release|Any CPU.ActiveCfg = Release|Any CPU
		{8ECF3DF9-C2C8-4DC4-9937-B722BA26B2C6}.Release|Any CPU.Build.0 = Release|Any CPU
		{AC7B7184-729E-4FFD-B698-0D6C941CFABD}.Debug|Any CPU.ActiveCfg = Debug|Any CPU
		{AC7B7184-729E-4FFD-B698-0D6C941CFABD}.Debug|Any CPU.Build.0 = Debug|Any CPU
		{AC7B7184-729E-4FFD-B698-0D6C941CFABD}.Release|Any CPU.ActiveCfg = Release|Any CPU
		{AC7B7184-729E-4FFD-B698-0D6C941CFABD}.Release|Any CPU.Build.0 = Release|Any CPU
		{CD31E498-F562-4E0C-8AAC-02D731879438}.Debug|Any CPU.ActiveCfg = Debug|Any CPU
		{CD31E498-F562-4E0C-8AAC-02D731879438}.Debug|Any CPU.Build.0 = Debug|Any CPU
		{CD31E498-F562-4E0C-8AAC-02D731879438}.Release|Any CPU.ActiveCfg = Release|Any CPU
		{CD31E498-F562-4E0C-8AAC-02D731879438}.Release|Any CPU.Build.0 = Release|Any CPU
		{A48EE157-FC64-4866-8EBB-A31C141891CB}.Debug|Any CPU.ActiveCfg = Debug|Any CPU
		{A48EE157-FC64-4866-8EBB-A31C141891CB}.Debug|Any CPU.Build.0 = Debug|Any CPU
		{A48EE157-FC64-4866-8EBB-A31C141891CB}.Release|Any CPU.ActiveCfg = Release|Any CPU
		{A48EE157-FC64-4866-8EBB-A31C141891CB}.Release|Any CPU.Build.0 = Release|Any CPU
		{75C192B0-BCEC-4BAF-97F7-0F08209557FE}.Debug|Any CPU.ActiveCfg = Debug|Any CPU
		{75C192B0-BCEC-4BAF-97F7-0F08209557FE}.Debug|Any CPU.Build.0 = Debug|Any CPU
		{75C192B0-BCEC-4BAF-97F7-0F08209557FE}.Release|Any CPU.ActiveCfg = Release|Any CPU
		{75C192B0-BCEC-4BAF-97F7-0F08209557FE}.Release|Any CPU.Build.0 = Release|Any CPU
		{419F0005-0615-4594-B9F1-4ED84525CE7B}.Debug|Any CPU.ActiveCfg = Debug|Any CPU
		{419F0005-0615-4594-B9F1-4ED84525CE7B}.Debug|Any CPU.Build.0 = Debug|Any CPU
		{419F0005-0615-4594-B9F1-4ED84525CE7B}.Release|Any CPU.ActiveCfg = Release|Any CPU
		{419F0005-0615-4594-B9F1-4ED84525CE7B}.Release|Any CPU.Build.0 = Release|Any CPU
		{B475ECF4-6CAD-4FB7-80CF-0B8326BAD718}.Debug|Any CPU.ActiveCfg = Debug|Any CPU
		{B475ECF4-6CAD-4FB7-80CF-0B8326BAD718}.Debug|Any CPU.Build.0 = Debug|Any CPU
		{B475ECF4-6CAD-4FB7-80CF-0B8326BAD718}.Release|Any CPU.ActiveCfg = Release|Any CPU
		{B475ECF4-6CAD-4FB7-80CF-0B8326BAD718}.Release|Any CPU.Build.0 = Release|Any CPU
		{E82ED567-56FE-47DD-8FF2-CBF09E89E39D}.Debug|Any CPU.ActiveCfg = Debug|Any CPU
		{E82ED567-56FE-47DD-8FF2-CBF09E89E39D}.Debug|Any CPU.Build.0 = Debug|Any CPU
		{E82ED567-56FE-47DD-8FF2-CBF09E89E39D}.Release|Any CPU.ActiveCfg = Release|Any CPU
		{E82ED567-56FE-47DD-8FF2-CBF09E89E39D}.Release|Any CPU.Build.0 = Release|Any CPU
		{5F99F33C-D827-414F-980E-0976B09CD8B1}.Debug|Any CPU.ActiveCfg = Debug|Any CPU
		{5F99F33C-D827-414F-980E-0976B09CD8B1}.Debug|Any CPU.Build.0 = Debug|Any CPU
		{5F99F33C-D827-414F-980E-0976B09CD8B1}.Release|Any CPU.ActiveCfg = Release|Any CPU
		{5F99F33C-D827-414F-980E-0976B09CD8B1}.Release|Any CPU.Build.0 = Release|Any CPU
		{06D5BD29-C599-4E4A-B534-E9B860D13E77}.Debug|Any CPU.ActiveCfg = Debug|Any CPU
		{06D5BD29-C599-4E4A-B534-E9B860D13E77}.Debug|Any CPU.Build.0 = Debug|Any CPU
		{06D5BD29-C599-4E4A-B534-E9B860D13E77}.Release|Any CPU.ActiveCfg = Release|Any CPU
		{06D5BD29-C599-4E4A-B534-E9B860D13E77}.Release|Any CPU.Build.0 = Release|Any CPU
	EndGlobalSection
	GlobalSection(SolutionProperties) = preSolution
		HideSolutionNode = FALSE
	EndGlobalSection
	GlobalSection(NestedProjects) = preSolution
		{2BF50B4E-7EE9-4C51-80AA-68405D76F21A} = {4FCA30F5-D19B-4756-BC68-6BA7E668F786}
		{E3D8F002-1DD4-4926-BD15-20B6115AA60C} = {4FCA30F5-D19B-4756-BC68-6BA7E668F786}
		{97C0674A-E7DC-4EF6-8E8C-1D06FE2FCAC2} = {4FCA30F5-D19B-4756-BC68-6BA7E668F786}
		{276C2CF1-4013-4035-AFAB-8DF0481BE4E7} = {4FCA30F5-D19B-4756-BC68-6BA7E668F786}
		{E7F4AFF1-3D8D-4250-B813-F7BD5D558451} = {4FCA30F5-D19B-4756-BC68-6BA7E668F786}
		{0FEAE831-B148-4EA8-AD4F-1E85606C156F} = {4FCA30F5-D19B-4756-BC68-6BA7E668F786}
		{6300805C-D8A6-4F9C-BAC7-67964B792CB4} = {4FCA30F5-D19B-4756-BC68-6BA7E668F786}
		{8F9C35D4-D79E-4E37-B18D-B8E56F68BD35} = {4FCA30F5-D19B-4756-BC68-6BA7E668F786}
		{1614AA07-D30F-4847-B506-957DD0109E70} = {4FCA30F5-D19B-4756-BC68-6BA7E668F786}
		{BAB7F573-FD85-4C02-9FBB-A4390FF35D21} = {4FCA30F5-D19B-4756-BC68-6BA7E668F786}
		{F87490D3-D318-4425-8044-1FA2BD1B24A6} = {4FCA30F5-D19B-4756-BC68-6BA7E668F786}
		{FA0ED709-D706-46E1-801A-2D43F1093840} = {4FCA30F5-D19B-4756-BC68-6BA7E668F786}
		{36256F7A-4DCD-4460-8EB6-931A6B1B32E6} = {4FCA30F5-D19B-4756-BC68-6BA7E668F786}
		{AF7AF28A-6704-4E62-9977-23E1FE1490D9} = {4FCA30F5-D19B-4756-BC68-6BA7E668F786}
		{00FC5E14-B824-4067-9F59-0B14C9CA09D0} = {4FCA30F5-D19B-4756-BC68-6BA7E668F786}
		{4BC1734E-454F-46EB-9BB8-0F1EEBD72596} = {4FCA30F5-D19B-4756-BC68-6BA7E668F786}
		{369BB764-AEB8-43B9-BF3E-F5B7858DE473} = {4FCA30F5-D19B-4756-BC68-6BA7E668F786}
		{A4623BE8-FDB0-4BBB-AEDE-081109B80801} = {4FCA30F5-D19B-4756-BC68-6BA7E668F786}
		{C2B57CB6-AF57-45D1-B28F-80040C97B9FA} = {4FCA30F5-D19B-4756-BC68-6BA7E668F786}
		{C19DE584-8959-4357-AD3F-512530591E51} = {4FCA30F5-D19B-4756-BC68-6BA7E668F786}
		{CDA9A3CE-E084-4F04-8788-354297554387} = {4FCA30F5-D19B-4756-BC68-6BA7E668F786}
		{596C27AC-E6A0-4732-970D-6B4581C17D6B} = {4FCA30F5-D19B-4756-BC68-6BA7E668F786}
		{C08B1221-EBB9-4BBB-8418-99CA29D681BF} = {4FCA30F5-D19B-4756-BC68-6BA7E668F786}
		{B968A580-E4B8-4E70-AD5E-EE3E5D9D85E6} = {4FCA30F5-D19B-4756-BC68-6BA7E668F786}
		{49CD892A-F26C-4860-AE92-757E6D377E23} = {4FCA30F5-D19B-4756-BC68-6BA7E668F786}
		{15A77BCC-0AC5-4EB2-8F59-CB2F5F8E278E} = {4FCA30F5-D19B-4756-BC68-6BA7E668F786}
		{4568AB66-4322-43BA-98AD-79E1305A02B3} = {4FCA30F5-D19B-4756-BC68-6BA7E668F786}
		{B3CFCE48-70DD-45C2-8FEF-9CC51F981120} = {4FCA30F5-D19B-4756-BC68-6BA7E668F786}
		{CD47CAAB-4AE0-4520-8FCA-00E46DD63E8B} = {4FCA30F5-D19B-4756-BC68-6BA7E668F786}
		{A02B429D-59FF-4499-9DF7-8280CB1303BA} = {4FCA30F5-D19B-4756-BC68-6BA7E668F786}
		{75A7CD53-F942-40ED-95A2-1F9CC7C5F6E3} = {4FCA30F5-D19B-4756-BC68-6BA7E668F786}
		{6AE8BE48-BA11-4120-B8F8-3D42CF56DD46} = {4FCA30F5-D19B-4756-BC68-6BA7E668F786}
		{6E8051E6-0497-4948-8E13-FF901538AC9F} = {4FCA30F5-D19B-4756-BC68-6BA7E668F786}
		{8ECF3DF9-C2C8-4DC4-9937-B722BA26B2C6} = {4FCA30F5-D19B-4756-BC68-6BA7E668F786}
		{AC7B7184-729E-4FFD-B698-0D6C941CFABD} = {4FCA30F5-D19B-4756-BC68-6BA7E668F786}
		{CD31E498-F562-4E0C-8AAC-02D731879438} = {4FCA30F5-D19B-4756-BC68-6BA7E668F786}
		{A48EE157-FC64-4866-8EBB-A31C141891CB} = {4FCA30F5-D19B-4756-BC68-6BA7E668F786}
		{75C192B0-BCEC-4BAF-97F7-0F08209557FE} = {4FCA30F5-D19B-4756-BC68-6BA7E668F786}
		{419F0005-0615-4594-B9F1-4ED84525CE7B} = {4FCA30F5-D19B-4756-BC68-6BA7E668F786}
		{B475ECF4-6CAD-4FB7-80CF-0B8326BAD718} = {4FCA30F5-D19B-4756-BC68-6BA7E668F786}
		{E82ED567-56FE-47DD-8FF2-CBF09E89E39D} = {4FCA30F5-D19B-4756-BC68-6BA7E668F786}
		{5F99F33C-D827-414F-980E-0976B09CD8B1} = {4FCA30F5-D19B-4756-BC68-6BA7E668F786}
		{06D5BD29-C599-4E4A-B534-E9B860D13E77} = {4FCA30F5-D19B-4756-BC68-6BA7E668F786}
	EndGlobalSection
	GlobalSection(ExtensibilityGlobals) = postSolution
		SolutionGuid = {D7099845-267C-4232-8764-5DF25D6B2C79}
	EndGlobalSection
EndGlobal
