
Microsoft Visual Studio Solution File, Format Version 12.00
# Visual Studio Version 16
VisualStudioVersion = 16.0.30320.27
MinimumVisualStudioVersion = 10.0.40219.1
Project("{2150E333-8FDC-42A3-9474-1A3956D46DE8}") = "DataflowBlocks", "DataflowBlocks", "{8D3B4E4E-A3C0-40B8-978E-13B77F2D005A}"
EndProject
Project("{2150E333-8FDC-42A3-9474-1A3956D46DE8}") = "RabbitMQ", "RabbitMQ", "{7B1FA82A-32AF-4BFB-BD5C-F32B5DF2AFC5}"
EndProject
Project("{9A19103F-16F7-4668-BE54-9A1E7A4F7556}") = "Angora.PrototypeClient", "RabbitMQ\AngoraPrototypeClient\Angora.PrototypeClient.csproj", "{F3782772-E220-4CC7-9F4E-28F418FAB498}"
EndProject
Project("{9A19103F-16F7-4668-BE54-9A1E7A4F7556}") = "ConsumerPipelineMicroservice", "RabbitMQ\ConsumerPipelineMicroservice\ConsumerPipelineMicroservice.csproj", "{20C70D17-BFC3-4FD6-AC63-94F8838FA0B9}"
EndProject
Project("{9A19103F-16F7-4668-BE54-9A1E7A4F7556}") = "SimpleClient", "RabbitMQ\SimpleClient\SimpleClient.csproj", "{0F1B61A2-FC9E-466F-B199-31A696E37DAA}"
EndProject
Project("{9A19103F-16F7-4668-BE54-9A1E7A4F7556}") = "StressTestClient", "RabbitMQ\StressTestClient\StressTestClient.csproj", "{46D0EB76-9918-422A-8750-33261921EAD8}"
EndProject
Project("{9A19103F-16F7-4668-BE54-9A1E7A4F7556}") = "01_ActionBlockDemo", "DataflowBlocks\01_ActionBlockDemo\01_ActionBlockDemo.csproj", "{29744AFE-3AE1-45CD-B13A-3091F337EEE0}"
EndProject
Project("{9A19103F-16F7-4668-BE54-9A1E7A4F7556}") = "02_TransformBlockDemo", "DataflowBlocks\02_TransformBlockDemo\02_TransformBlockDemo.csproj", "{B08BF214-929D-480A-9F5D-D4C20F8BCDC0}"
EndProject
Project("{9A19103F-16F7-4668-BE54-9A1E7A4F7556}") = "03_BatchBlockDemo", "DataflowBlocks\03_BatchBlockDemo\03_BatchBlockDemo.csproj", "{CE29A3C2-3D77-4BDF-8C88-7F4B529C7FC9}"
EndProject
Project("{9A19103F-16F7-4668-BE54-9A1E7A4F7556}") = "04_TransformManyBlockDemo", "DataflowBlocks\04_TransformManyBlockDemo\04_TransformManyBlockDemo.csproj", "{359B0618-D4BA-4E0D-8E1A-BED9CF334F06}"
EndProject
Project("{9A19103F-16F7-4668-BE54-9A1E7A4F7556}") = "05_BufferBlockDemo", "DataflowBlocks\05_BufferBlockDemo\05_BufferBlockDemo.csproj", "{8B0AD78A-833D-4FC2-836D-415E18E4BFE3}"
EndProject
Project("{9A19103F-16F7-4668-BE54-9A1E7A4F7556}") = "06_PubSubBufferBlockDemo", "DataflowBlocks\06_PubSubBufferBlockDemo\06_PubSubBufferBlockDemo.csproj", "{7E2A7D1D-7D80-4B79-BC37-71EE655676D6}"
EndProject
Project("{9A19103F-16F7-4668-BE54-9A1E7A4F7556}") = "07_BoundedPubSubBufferBlockDemo", "DataflowBlocks\07_BoundedPubSubBufferBlockDemo\07_BoundedPubSubBufferBlockDemo.csproj", "{5D1C8CAC-51F7-40B7-A511-7BBB2B8278A6}"
EndProject
Project("{9A19103F-16F7-4668-BE54-9A1E7A4F7556}") = "08_BroadcastBlockDemo", "DataflowBlocks\08_BroadcastBlockDemo\08_BroadcastBlockDemo.csproj", "{2A442D3E-2938-4EB1-A17F-406306647B00}"
EndProject
Project("{9A19103F-16F7-4668-BE54-9A1E7A4F7556}") = "09_BufferedBroadcastBlockDemo", "DataflowBlocks\09_BufferedBroadcastBlockDemo\09_BufferedBroadcastBlockDemo.csproj", "{4D070463-7117-4C45-A5CE-12D878B019D6}"
EndProject
Project("{9A19103F-16F7-4668-BE54-9A1E7A4F7556}") = "10_JoinBlockDemo", "DataflowBlocks\10_JoinBlockDemo\10_JoinBlockDemo.csproj", "{59129637-4400-4A5C-B902-8211B29DD6BB}"
EndProject
Project("{9A19103F-16F7-4668-BE54-9A1E7A4F7556}") = "11_BatchJoinBlockDemo", "DataflowBlocks\11_BatchJoinBlockDemo\11_BatchJoinBlockDemo.csproj", "{2D4F734C-0028-48D1-BB59-AC87622DE3F4}"
EndProject
Project("{9A19103F-16F7-4668-BE54-9A1E7A4F7556}") = "12_WriteOnceBlockDemo", "DataflowBlocks\12_WriteOnceBlockDemo\12_WriteOnceBlockDemo.csproj", "{6918FBA6-43AE-487C-ADDD-247257AB04A4}"
EndProject
Project("{2150E333-8FDC-42A3-9474-1A3956D46DE8}") = "Channels", "Channels", "{83456CB6-1C5D-4C04-B2B9-44EA03C69D86}"
EndProject
Project("{2150E333-8FDC-42A3-9474-1A3956D46DE8}") = "Windows", "Windows", "{2AB15392-A5ED-4F45-B319-A5D3F9CBD09A}"
EndProject
Project("{9A19103F-16F7-4668-BE54-9A1E7A4F7556}") = "Channels.Example", "Channels\Channels.Example\Channels.Example.csproj", "{AF84F5AB-3652-4381-B5E4-ECA7D8C523EF}"
EndProject
Project("{9A19103F-16F7-4668-BE54-9A1E7A4F7556}") = "Windows.NetCoreService", "Windows\Windows.NetCoreService\Windows.NetCoreService.csproj", "{A9F56CB3-8042-43C9-93DF-C7BFB9503EDE}"
EndProject
Project("{9A19103F-16F7-4668-BE54-9A1E7A4F7556}") = "Windows.KeyRecorder", "Windows\Windows.KeyRecorder\Windows.KeyRecorder.csproj", "{8D0C7165-87BC-42E1-B010-DEFFBE350059}"
EndProject
Project("{2150E333-8FDC-42A3-9474-1A3956D46DE8}") = "Solution Items", "Solution Items", "{0ECC0D41-3C31-4896-914A-6F097E68CB69}"
	ProjectSection(SolutionItems) = preProject
		Note.txt = Note.txt
	EndProjectSection
EndProject
Project("{9A19103F-16F7-4668-BE54-9A1E7A4F7556}") = "QuickSocket.Client", "Channels\QuickSocket.Client\QuickSocket.Client.csproj", "{7D4D2BA9-47B0-436B-A456-08D7A6D7E64B}"
EndProject
Project("{9A19103F-16F7-4668-BE54-9A1E7A4F7556}") = "QuickSocket.Server", "Channels\QuickSocket.Server\QuickSocket.Server.csproj", "{6B077376-985B-4AA9-A3E4-9D005FAC5E82}"
EndProject
Project("{9A19103F-16F7-4668-BE54-9A1E7A4F7556}") = "ConsumerWorkflow", "RabbitMQ\ConsumerWorkflow\ConsumerWorkflow.csproj", "{71F4A3C4-7FD8-43B4-80B4-EB679E7D2F23}"
EndProject
Project("{2150E333-8FDC-42A3-9474-1A3956D46DE8}") = "ArrayPool", "ArrayPool", "{EBB3DF28-CA88-4BAC-A061-5F670BBDE272}"
EndProject
Project("{9A19103F-16F7-4668-BE54-9A1E7A4F7556}") = "ArrayPoolChannel", "ArrayPool\ArrayPoolChannel\ArrayPoolChannel.csproj", "{41ABA723-C6A0-43A2-9588-83494D1C5801}"
EndProject
Project("{9A19103F-16F7-4668-BE54-9A1E7A4F7556}") = "DataProducer", "RabbitMQ\DataProducer\DataProducer.csproj", "{CF6A7DAA-6F49-466B-B7E5-59129B91F651}"
EndProject
Global
	GlobalSection(SolutionConfigurationPlatforms) = preSolution
		Debug|Any CPU = Debug|Any CPU
		Release|Any CPU = Release|Any CPU
	EndGlobalSection
	GlobalSection(ProjectConfigurationPlatforms) = postSolution
		{F3782772-E220-4CC7-9F4E-28F418FAB498}.Debug|Any CPU.ActiveCfg = Debug|Any CPU
		{F3782772-E220-4CC7-9F4E-28F418FAB498}.Debug|Any CPU.Build.0 = Debug|Any CPU
		{F3782772-E220-4CC7-9F4E-28F418FAB498}.Release|Any CPU.ActiveCfg = Release|Any CPU
		{F3782772-E220-4CC7-9F4E-28F418FAB498}.Release|Any CPU.Build.0 = Release|Any CPU
		{20C70D17-BFC3-4FD6-AC63-94F8838FA0B9}.Debug|Any CPU.ActiveCfg = Debug|Any CPU
		{20C70D17-BFC3-4FD6-AC63-94F8838FA0B9}.Debug|Any CPU.Build.0 = Debug|Any CPU
		{20C70D17-BFC3-4FD6-AC63-94F8838FA0B9}.Release|Any CPU.ActiveCfg = Release|Any CPU
		{20C70D17-BFC3-4FD6-AC63-94F8838FA0B9}.Release|Any CPU.Build.0 = Release|Any CPU
		{0F1B61A2-FC9E-466F-B199-31A696E37DAA}.Debug|Any CPU.ActiveCfg = Debug|Any CPU
		{0F1B61A2-FC9E-466F-B199-31A696E37DAA}.Debug|Any CPU.Build.0 = Debug|Any CPU
		{0F1B61A2-FC9E-466F-B199-31A696E37DAA}.Release|Any CPU.ActiveCfg = Release|Any CPU
		{0F1B61A2-FC9E-466F-B199-31A696E37DAA}.Release|Any CPU.Build.0 = Release|Any CPU
		{46D0EB76-9918-422A-8750-33261921EAD8}.Debug|Any CPU.ActiveCfg = Debug|Any CPU
		{46D0EB76-9918-422A-8750-33261921EAD8}.Debug|Any CPU.Build.0 = Debug|Any CPU
		{46D0EB76-9918-422A-8750-33261921EAD8}.Release|Any CPU.ActiveCfg = Release|Any CPU
		{46D0EB76-9918-422A-8750-33261921EAD8}.Release|Any CPU.Build.0 = Release|Any CPU
		{29744AFE-3AE1-45CD-B13A-3091F337EEE0}.Debug|Any CPU.ActiveCfg = Debug|Any CPU
		{29744AFE-3AE1-45CD-B13A-3091F337EEE0}.Debug|Any CPU.Build.0 = Debug|Any CPU
		{29744AFE-3AE1-45CD-B13A-3091F337EEE0}.Release|Any CPU.ActiveCfg = Release|Any CPU
		{29744AFE-3AE1-45CD-B13A-3091F337EEE0}.Release|Any CPU.Build.0 = Release|Any CPU
		{B08BF214-929D-480A-9F5D-D4C20F8BCDC0}.Debug|Any CPU.ActiveCfg = Debug|Any CPU
		{B08BF214-929D-480A-9F5D-D4C20F8BCDC0}.Debug|Any CPU.Build.0 = Debug|Any CPU
		{B08BF214-929D-480A-9F5D-D4C20F8BCDC0}.Release|Any CPU.ActiveCfg = Release|Any CPU
		{B08BF214-929D-480A-9F5D-D4C20F8BCDC0}.Release|Any CPU.Build.0 = Release|Any CPU
		{CE29A3C2-3D77-4BDF-8C88-7F4B529C7FC9}.Debug|Any CPU.ActiveCfg = Debug|Any CPU
		{CE29A3C2-3D77-4BDF-8C88-7F4B529C7FC9}.Debug|Any CPU.Build.0 = Debug|Any CPU
		{CE29A3C2-3D77-4BDF-8C88-7F4B529C7FC9}.Release|Any CPU.ActiveCfg = Release|Any CPU
		{CE29A3C2-3D77-4BDF-8C88-7F4B529C7FC9}.Release|Any CPU.Build.0 = Release|Any CPU
		{359B0618-D4BA-4E0D-8E1A-BED9CF334F06}.Debug|Any CPU.ActiveCfg = Debug|Any CPU
		{359B0618-D4BA-4E0D-8E1A-BED9CF334F06}.Debug|Any CPU.Build.0 = Debug|Any CPU
		{359B0618-D4BA-4E0D-8E1A-BED9CF334F06}.Release|Any CPU.ActiveCfg = Release|Any CPU
		{359B0618-D4BA-4E0D-8E1A-BED9CF334F06}.Release|Any CPU.Build.0 = Release|Any CPU
		{8B0AD78A-833D-4FC2-836D-415E18E4BFE3}.Debug|Any CPU.ActiveCfg = Debug|Any CPU
		{8B0AD78A-833D-4FC2-836D-415E18E4BFE3}.Debug|Any CPU.Build.0 = Debug|Any CPU
		{8B0AD78A-833D-4FC2-836D-415E18E4BFE3}.Release|Any CPU.ActiveCfg = Release|Any CPU
		{8B0AD78A-833D-4FC2-836D-415E18E4BFE3}.Release|Any CPU.Build.0 = Release|Any CPU
		{7E2A7D1D-7D80-4B79-BC37-71EE655676D6}.Debug|Any CPU.ActiveCfg = Debug|Any CPU
		{7E2A7D1D-7D80-4B79-BC37-71EE655676D6}.Debug|Any CPU.Build.0 = Debug|Any CPU
		{7E2A7D1D-7D80-4B79-BC37-71EE655676D6}.Release|Any CPU.ActiveCfg = Release|Any CPU
		{7E2A7D1D-7D80-4B79-BC37-71EE655676D6}.Release|Any CPU.Build.0 = Release|Any CPU
		{5D1C8CAC-51F7-40B7-A511-7BBB2B8278A6}.Debug|Any CPU.ActiveCfg = Debug|Any CPU
		{5D1C8CAC-51F7-40B7-A511-7BBB2B8278A6}.Debug|Any CPU.Build.0 = Debug|Any CPU
		{5D1C8CAC-51F7-40B7-A511-7BBB2B8278A6}.Release|Any CPU.ActiveCfg = Release|Any CPU
		{5D1C8CAC-51F7-40B7-A511-7BBB2B8278A6}.Release|Any CPU.Build.0 = Release|Any CPU
		{2A442D3E-2938-4EB1-A17F-406306647B00}.Debug|Any CPU.ActiveCfg = Debug|Any CPU
		{2A442D3E-2938-4EB1-A17F-406306647B00}.Debug|Any CPU.Build.0 = Debug|Any CPU
		{2A442D3E-2938-4EB1-A17F-406306647B00}.Release|Any CPU.ActiveCfg = Release|Any CPU
		{2A442D3E-2938-4EB1-A17F-406306647B00}.Release|Any CPU.Build.0 = Release|Any CPU
		{4D070463-7117-4C45-A5CE-12D878B019D6}.Debug|Any CPU.ActiveCfg = Debug|Any CPU
		{4D070463-7117-4C45-A5CE-12D878B019D6}.Debug|Any CPU.Build.0 = Debug|Any CPU
		{4D070463-7117-4C45-A5CE-12D878B019D6}.Release|Any CPU.ActiveCfg = Release|Any CPU
		{4D070463-7117-4C45-A5CE-12D878B019D6}.Release|Any CPU.Build.0 = Release|Any CPU
		{59129637-4400-4A5C-B902-8211B29DD6BB}.Debug|Any CPU.ActiveCfg = Debug|Any CPU
		{59129637-4400-4A5C-B902-8211B29DD6BB}.Debug|Any CPU.Build.0 = Debug|Any CPU
		{59129637-4400-4A5C-B902-8211B29DD6BB}.Release|Any CPU.ActiveCfg = Release|Any CPU
		{59129637-4400-4A5C-B902-8211B29DD6BB}.Release|Any CPU.Build.0 = Release|Any CPU
		{2D4F734C-0028-48D1-BB59-AC87622DE3F4}.Debug|Any CPU.ActiveCfg = Debug|Any CPU
		{2D4F734C-0028-48D1-BB59-AC87622DE3F4}.Debug|Any CPU.Build.0 = Debug|Any CPU
		{2D4F734C-0028-48D1-BB59-AC87622DE3F4}.Release|Any CPU.ActiveCfg = Release|Any CPU
		{2D4F734C-0028-48D1-BB59-AC87622DE3F4}.Release|Any CPU.Build.0 = Release|Any CPU
		{6918FBA6-43AE-487C-ADDD-247257AB04A4}.Debug|Any CPU.ActiveCfg = Debug|Any CPU
		{6918FBA6-43AE-487C-ADDD-247257AB04A4}.Debug|Any CPU.Build.0 = Debug|Any CPU
		{6918FBA6-43AE-487C-ADDD-247257AB04A4}.Release|Any CPU.ActiveCfg = Release|Any CPU
		{6918FBA6-43AE-487C-ADDD-247257AB04A4}.Release|Any CPU.Build.0 = Release|Any CPU
		{AF84F5AB-3652-4381-B5E4-ECA7D8C523EF}.Debug|Any CPU.ActiveCfg = Debug|Any CPU
		{AF84F5AB-3652-4381-B5E4-ECA7D8C523EF}.Debug|Any CPU.Build.0 = Debug|Any CPU
		{AF84F5AB-3652-4381-B5E4-ECA7D8C523EF}.Release|Any CPU.ActiveCfg = Release|Any CPU
		{AF84F5AB-3652-4381-B5E4-ECA7D8C523EF}.Release|Any CPU.Build.0 = Release|Any CPU
		{A9F56CB3-8042-43C9-93DF-C7BFB9503EDE}.Debug|Any CPU.ActiveCfg = Debug|Any CPU
		{A9F56CB3-8042-43C9-93DF-C7BFB9503EDE}.Debug|Any CPU.Build.0 = Debug|Any CPU
		{A9F56CB3-8042-43C9-93DF-C7BFB9503EDE}.Release|Any CPU.ActiveCfg = Release|Any CPU
		{A9F56CB3-8042-43C9-93DF-C7BFB9503EDE}.Release|Any CPU.Build.0 = Release|Any CPU
		{8D0C7165-87BC-42E1-B010-DEFFBE350059}.Debug|Any CPU.ActiveCfg = Debug|Any CPU
		{8D0C7165-87BC-42E1-B010-DEFFBE350059}.Debug|Any CPU.Build.0 = Debug|Any CPU
		{8D0C7165-87BC-42E1-B010-DEFFBE350059}.Release|Any CPU.ActiveCfg = Release|Any CPU
		{8D0C7165-87BC-42E1-B010-DEFFBE350059}.Release|Any CPU.Build.0 = Release|Any CPU
		{7D4D2BA9-47B0-436B-A456-08D7A6D7E64B}.Debug|Any CPU.ActiveCfg = Debug|Any CPU
		{7D4D2BA9-47B0-436B-A456-08D7A6D7E64B}.Debug|Any CPU.Build.0 = Debug|Any CPU
		{7D4D2BA9-47B0-436B-A456-08D7A6D7E64B}.Release|Any CPU.ActiveCfg = Release|Any CPU
		{7D4D2BA9-47B0-436B-A456-08D7A6D7E64B}.Release|Any CPU.Build.0 = Release|Any CPU
		{6B077376-985B-4AA9-A3E4-9D005FAC5E82}.Debug|Any CPU.ActiveCfg = Debug|Any CPU
		{6B077376-985B-4AA9-A3E4-9D005FAC5E82}.Debug|Any CPU.Build.0 = Debug|Any CPU
		{6B077376-985B-4AA9-A3E4-9D005FAC5E82}.Release|Any CPU.ActiveCfg = Release|Any CPU
		{6B077376-985B-4AA9-A3E4-9D005FAC5E82}.Release|Any CPU.Build.0 = Release|Any CPU
		{71F4A3C4-7FD8-43B4-80B4-EB679E7D2F23}.Debug|Any CPU.ActiveCfg = Debug|Any CPU
		{71F4A3C4-7FD8-43B4-80B4-EB679E7D2F23}.Debug|Any CPU.Build.0 = Debug|Any CPU
		{71F4A3C4-7FD8-43B4-80B4-EB679E7D2F23}.Release|Any CPU.ActiveCfg = Release|Any CPU
		{71F4A3C4-7FD8-43B4-80B4-EB679E7D2F23}.Release|Any CPU.Build.0 = Release|Any CPU
		{41ABA723-C6A0-43A2-9588-83494D1C5801}.Debug|Any CPU.ActiveCfg = Debug|Any CPU
		{41ABA723-C6A0-43A2-9588-83494D1C5801}.Debug|Any CPU.Build.0 = Debug|Any CPU
		{41ABA723-C6A0-43A2-9588-83494D1C5801}.Release|Any CPU.ActiveCfg = Release|Any CPU
		{41ABA723-C6A0-43A2-9588-83494D1C5801}.Release|Any CPU.Build.0 = Release|Any CPU
		{CF6A7DAA-6F49-466B-B7E5-59129B91F651}.Debug|Any CPU.ActiveCfg = Debug|Any CPU
		{CF6A7DAA-6F49-466B-B7E5-59129B91F651}.Debug|Any CPU.Build.0 = Debug|Any CPU
		{CF6A7DAA-6F49-466B-B7E5-59129B91F651}.Release|Any CPU.ActiveCfg = Release|Any CPU
		{CF6A7DAA-6F49-466B-B7E5-59129B91F651}.Release|Any CPU.Build.0 = Release|Any CPU
	EndGlobalSection
	GlobalSection(SolutionProperties) = preSolution
		HideSolutionNode = FALSE
	EndGlobalSection
	GlobalSection(NestedProjects) = preSolution
		{F3782772-E220-4CC7-9F4E-28F418FAB498} = {7B1FA82A-32AF-4BFB-BD5C-F32B5DF2AFC5}
		{20C70D17-BFC3-4FD6-AC63-94F8838FA0B9} = {7B1FA82A-32AF-4BFB-BD5C-F32B5DF2AFC5}
		{0F1B61A2-FC9E-466F-B199-31A696E37DAA} = {7B1FA82A-32AF-4BFB-BD5C-F32B5DF2AFC5}
		{46D0EB76-9918-422A-8750-33261921EAD8} = {7B1FA82A-32AF-4BFB-BD5C-F32B5DF2AFC5}
		{29744AFE-3AE1-45CD-B13A-3091F337EEE0} = {8D3B4E4E-A3C0-40B8-978E-13B77F2D005A}
		{B08BF214-929D-480A-9F5D-D4C20F8BCDC0} = {8D3B4E4E-A3C0-40B8-978E-13B77F2D005A}
		{CE29A3C2-3D77-4BDF-8C88-7F4B529C7FC9} = {8D3B4E4E-A3C0-40B8-978E-13B77F2D005A}
		{359B0618-D4BA-4E0D-8E1A-BED9CF334F06} = {8D3B4E4E-A3C0-40B8-978E-13B77F2D005A}
		{8B0AD78A-833D-4FC2-836D-415E18E4BFE3} = {8D3B4E4E-A3C0-40B8-978E-13B77F2D005A}
		{7E2A7D1D-7D80-4B79-BC37-71EE655676D6} = {8D3B4E4E-A3C0-40B8-978E-13B77F2D005A}
		{5D1C8CAC-51F7-40B7-A511-7BBB2B8278A6} = {8D3B4E4E-A3C0-40B8-978E-13B77F2D005A}
		{2A442D3E-2938-4EB1-A17F-406306647B00} = {8D3B4E4E-A3C0-40B8-978E-13B77F2D005A}
		{4D070463-7117-4C45-A5CE-12D878B019D6} = {8D3B4E4E-A3C0-40B8-978E-13B77F2D005A}
		{59129637-4400-4A5C-B902-8211B29DD6BB} = {8D3B4E4E-A3C0-40B8-978E-13B77F2D005A}
		{2D4F734C-0028-48D1-BB59-AC87622DE3F4} = {8D3B4E4E-A3C0-40B8-978E-13B77F2D005A}
		{6918FBA6-43AE-487C-ADDD-247257AB04A4} = {8D3B4E4E-A3C0-40B8-978E-13B77F2D005A}
		{AF84F5AB-3652-4381-B5E4-ECA7D8C523EF} = {83456CB6-1C5D-4C04-B2B9-44EA03C69D86}
		{A9F56CB3-8042-43C9-93DF-C7BFB9503EDE} = {2AB15392-A5ED-4F45-B319-A5D3F9CBD09A}
		{8D0C7165-87BC-42E1-B010-DEFFBE350059} = {2AB15392-A5ED-4F45-B319-A5D3F9CBD09A}
		{7D4D2BA9-47B0-436B-A456-08D7A6D7E64B} = {83456CB6-1C5D-4C04-B2B9-44EA03C69D86}
		{6B077376-985B-4AA9-A3E4-9D005FAC5E82} = {83456CB6-1C5D-4C04-B2B9-44EA03C69D86}
		{71F4A3C4-7FD8-43B4-80B4-EB679E7D2F23} = {7B1FA82A-32AF-4BFB-BD5C-F32B5DF2AFC5}
		{41ABA723-C6A0-43A2-9588-83494D1C5801} = {EBB3DF28-CA88-4BAC-A061-5F670BBDE272}
		{CF6A7DAA-6F49-466B-B7E5-59129B91F651} = {7B1FA82A-32AF-4BFB-BD5C-F32B5DF2AFC5}
	EndGlobalSection
	GlobalSection(ExtensibilityGlobals) = postSolution
		SolutionGuid = {8DA80AD7-3877-43F5-B810-54A65AC0C8D2}
	EndGlobalSection
EndGlobal
