
Microsoft Visual Studio Solution File, Format Version 12.00
# Visual Studio Version 16
VisualStudioVersion = 16.0.30320.27
MinimumVisualStudioVersion = 10.0.40219.1
Project("{9A19103F-16F7-4668-BE54-9A1E7A4F7556}") = "Benchmarks", "Benchmarks\Benchmarks.csproj", "{159870F9-7B57-4150-84DB-864C64FDDE03}"
EndProject
Global
	GlobalSection(SolutionConfigurationPlatforms) = preSolution
		Debug|Any CPU = Debug|Any CPU
		Release|Any CPU = Release|Any CPU
	EndGlobalSection
	GlobalSection(ProjectConfigurationPlatforms) = postSolution
		{159870F9-7B57-4150-84DB-864C64FDDE03}.Debug|Any CPU.ActiveCfg = Debug|Any CPU
		{159870F9-7B57-4150-84DB-864C64FDDE03}.Debug|Any CPU.Build.0 = Debug|Any CPU
		{159870F9-7B57-4150-84DB-864C64FDDE03}.Release|Any CPU.ActiveCfg = Release|Any CPU
		{159870F9-7B57-4150-84DB-864C64FDDE03}.Release|Any CPU.Build.0 = Release|Any CPU
	EndGlobalSection
	GlobalSection(SolutionProperties) = preSolution
		HideSolutionNode = FALSE
	EndGlobalSection
	GlobalSection(NestedProjects) = preSolution
		{159870F9-7B57-4150-84DB-864C64FDDE03} = {BE1DD00F-E64F-4C04-B93A-0252624985C7}
	EndGlobalSection
	GlobalSection(ExtensibilityGlobals) = postSolution
		SolutionGuid = {34151AE8-0219-46D7-9BA2-6B1EFEAF9EB9}
	EndGlobalSection
EndGlobal
