
Microsoft Visual Studio Solution File, Format Version 12.00
# Visual Studio Version 16
VisualStudioVersion = 16.0.31424.327
MinimumVisualStudioVersion = 10.0.40219.1
Project("{9A19103F-16F7-4668-BE54-9A1E7A4F7556}") = "IntegrationTests", "Tests\IntegrationTests.csproj", "{D1BECEA8-EAC7-4C2D-984F-C4ED252A15D2}"
EndProject
Global
	GlobalSection(SolutionConfigurationPlatforms) = preSolution
		Debug|Any CPU = Debug|Any CPU
		Release|Any CPU = Release|Any CPU
	EndGlobalSection
	GlobalSection(ProjectConfigurationPlatforms) = postSolution
		{D1BECEA8-EAC7-4C2D-984F-C4ED252A15D2}.Debug|Any CPU.ActiveCfg = Debug|Any CPU
		{D1BECEA8-EAC7-4C2D-984F-C4ED252A15D2}.Debug|Any CPU.Build.0 = Debug|Any CPU
		{D1BECEA8-EAC7-4C2D-984F-C4ED252A15D2}.Release|Any CPU.ActiveCfg = Release|Any CPU
		{D1BECEA8-EAC7-4C2D-984F-C4ED252A15D2}.Release|Any CPU.Build.0 = Release|Any CPU
	EndGlobalSection
	GlobalSection(SolutionProperties) = preSolution
		HideSolutionNode = FALSE
	EndGlobalSection
	GlobalSection(ExtensibilityGlobals) = postSolution
		SolutionGuid = {3005B083-4D4A-4E9A-9258-D0A0AD2E23D8}
	EndGlobalSection
EndGlobal
